Microsoft Visual Studio Solution File, Format Version 10.00
# Visual Studio 2008
Project("{8BC9CEB8-8B4A-11D0-8D11-00A0C91BC942}") = "ALL_BUILD", "ALL_BUILD.vcproj", "{D852D20A-DE18-4ECF-A649-D70514C52D45}"
	ProjectSection(ProjectDependencies) = postProject
		{9D4BA547-2230-41BA-9462-A34CD472F883} = {9D4BA547-2230-41BA-9462-A34CD472F883}
		{0D84D1CF-CE8F-4DFC-A11F-7E577360B248} = {0D84D1CF-CE8F-4DFC-A11F-7E577360B248}
		{FC7E7069-AE81-4175-B8D7-974BE915A46E} = {FC7E7069-AE81-4175-B8D7-974BE915A46E}
		{66D3E570-C112-4C88-84BC-606A3156BFA2} = {66D3E570-C112-4C88-84BC-606A3156BFA2}
		{F5CCC108-1AFA-4F53-8054-E92C74B91CE8} = {F5CCC108-1AFA-4F53-8054-E92C74B91CE8}
		{C758F8C6-160A-4F3B-81BB-80CAC9C87364} = {C758F8C6-160A-4F3B-81BB-80CAC9C87364}
		{C78C27D5-C873-476B-990A-CE3697057DCF} = {C78C27D5-C873-476B-990A-CE3697057DCF}
		{4F155469-0210-4E76-A42F-3A3813FB3CE5} = {4F155469-0210-4E76-A42F-3A3813FB3CE5}
		{BBEC3A65-9670-4396-A880-BAD59FCE4AA7} = {BBEC3A65-9670-4396-A880-BAD59FCE4AA7}
		{2B249C9D-9B45-4149-A22B-C6115648C8E9} = {2B249C9D-9B45-4149-A22B-C6115648C8E9}
		{0F02D790-D267-4091-A3B5-70075EB125BA} = {0F02D790-D267-4091-A3B5-70075EB125BA}
		{E192E374-B13C-450D-A979-3C504FCEC949} = {E192E374-B13C-450D-A979-3C504FCEC949}
		{F39A05B8-AE4A-4483-839F-7DB0AB03A5FE} = {F39A05B8-AE4A-4483-839F-7DB0AB03A5FE}
		{15BC9EE6-D2F6-4022-859B-DB2AD87E7F74} = {15BC9EE6-D2F6-4022-859B-DB2AD87E7F74}
		{1921DD95-A89C-4854-81CD-F20F20B3BE57} = {1921DD95-A89C-4854-81CD-F20F20B3BE57}
		{3C058E61-C13D-42F5-9035-9AC45EB9B996} = {3C058E61-C13D-42F5-9035-9AC45EB9B996}
		{FA32A830-4947-4EA6-946E-902D0D12419F} = {FA32A830-4947-4EA6-946E-902D0D12419F}
		{F83EB44A-F704-4BC4-B3B9-70062A19A1FE} = {F83EB44A-F704-4BC4-B3B9-70062A19A1FE}
		{2EFB79BF-660A-4377-8D49-70AB2F5CA416} = {2EFB79BF-660A-4377-8D49-70AB2F5CA416}
		{98B9E6A2-1544-4A28-87BB-3BF080E84B97} = {98B9E6A2-1544-4A28-87BB-3BF080E84B97}
		{B2692305-24BA-4A63-8229-31372379BBC4} = {B2692305-24BA-4A63-8229-31372379BBC4}
		{D7BB247E-63BC-4DB8-A6B1-BE6E045D8BD9} = {D7BB247E-63BC-4DB8-A6B1-BE6E045D8BD9}
		{F1CC4314-BAE0-470A-AB93-55F0B1449B02} = {F1CC4314-BAE0-470A-AB93-55F0B1449B02}
		{E07B5C7E-1630-4600-B164-0FA199B30078} = {E07B5C7E-1630-4600-B164-0FA199B30078}
		{71518619-3C30-4C57-8495-B4E5FDEB4072} = {71518619-3C30-4C57-8495-B4E5FDEB4072}
		{2CCE84CC-A8BD-47B0-A3BB-642A594F288B} = {2CCE84CC-A8BD-47B0-A3BB-642A594F288B}
		{FB298ACE-256B-44D3-BB0C-396281A03A76} = {FB298ACE-256B-44D3-BB0C-396281A03A76}
		{84450370-195C-42B4-AE29-292C6702AF3F} = {84450370-195C-42B4-AE29-292C6702AF3F}
		{36B94A67-2967-43E6-B9D4-995A19DFCEAA} = {36B94A67-2967-43E6-B9D4-995A19DFCEAA}
		{AF2560DD-0148-46DE-ABCB-10530630BD1F} = {AF2560DD-0148-46DE-ABCB-10530630BD1F}
		{FEABD79E-6B8C-40DB-B120-66A87BC1996E} = {FEABD79E-6B8C-40DB-B120-66A87BC1996E}
		{B2BAEC50-2CF4-4085-9DE5-20B454DD828E} = {B2BAEC50-2CF4-4085-9DE5-20B454DD828E}
		{5D51B083-983B-4D80-8580-EFBFF2D49CA6} = {5D51B083-983B-4D80-8580-EFBFF2D49CA6}
		{5D2585B4-0619-4181-9F9A-3A86941E4508} = {5D2585B4-0619-4181-9F9A-3A86941E4508}
		{F1793F1F-6463-4B02-8F1A-08C6AB19140B} = {F1793F1F-6463-4B02-8F1A-08C6AB19140B}
		{1A241EC1-F1C2-4899-895A-02C92D3828E8} = {1A241EC1-F1C2-4899-895A-02C92D3828E8}
		{6BAC3DB5-ED44-47A3-94FE-E7F5F53C3C3E} = {6BAC3DB5-ED44-47A3-94FE-E7F5F53C3C3E}
		{5EA577EF-42C3-49E0-B1A7-A31786DBA182} = {5EA577EF-42C3-49E0-B1A7-A31786DBA182}
		{F703E1A5-2FA5-4FD9-B427-354EEC625090} = {F703E1A5-2FA5-4FD9-B427-354EEC625090}
		{86865606-958C-4F7A-8EF6-08AB420D57B1} = {86865606-958C-4F7A-8EF6-08AB420D57B1}
		{B199555A-146B-40E9-A4F9-79BC207BA476} = {B199555A-146B-40E9-A4F9-79BC207BA476}
		{AF9F75FB-EDE9-488C-8B28-5031E563AC6C} = {AF9F75FB-EDE9-488C-8B28-5031E563AC6C}
		{D014C179-2127-4B61-87B7-BA791CC56AB1} = {D014C179-2127-4B61-87B7-BA791CC56AB1}
		{68F17AB3-3CCF-437C-9E87-7DA437984A6E} = {68F17AB3-3CCF-437C-9E87-7DA437984A6E}
		{142996B5-6BBA-40A4-A425-176DF8D29490} = {142996B5-6BBA-40A4-A425-176DF8D29490}
		{EF9CF9BD-EF39-45A8-B05D-34D266E09FC8} = {EF9CF9BD-EF39-45A8-B05D-34D266E09FC8}
		{750C3B9D-BE7C-463F-84E8-9FB63CD3AA56} = {750C3B9D-BE7C-463F-84E8-9FB63CD3AA56}
		{FE981774-4674-4D80-BA8D-95B7536295C7} = {FE981774-4674-4D80-BA8D-95B7536295C7}
		{65F66EA4-4B48-45D7-95A6-B4D1DF68C83B} = {65F66EA4-4B48-45D7-95A6-B4D1DF68C83B}
		{078580D3-9DA2-4A0A-A9E6-467F32D816D5} = {078580D3-9DA2-4A0A-A9E6-467F32D816D5}
		{5025C591-6770-4D3A-B8E3-78A0D1B775C1} = {5025C591-6770-4D3A-B8E3-78A0D1B775C1}
		{5CA9C336-AF67-45C1-BB81-ADD360D382A4} = {5CA9C336-AF67-45C1-BB81-ADD360D382A4}
		{C859DCF2-542F-43D0-8B68-1EA1B84FEC60} = {C859DCF2-542F-43D0-8B68-1EA1B84FEC60}
		{49081B43-D984-43AF-AAE6-DC6A27C54B75} = {49081B43-D984-43AF-AAE6-DC6A27C54B75}
		{5E38D979-ADF8-4D9D-9A06-0B6C6282B205} = {5E38D979-ADF8-4D9D-9A06-0B6C6282B205}
	EndProjectSection
EndProject
Project("{8BC9CEB8-8B4A-11D0-8D11-00A0C91BC942}") = "AppAllBulletDemos", "Demos\AllBulletDemos\AppAllBulletDemos.vcproj", "{9D4BA547-2230-41BA-9462-A34CD472F883}"
	ProjectSection(ProjectDependencies) = postProject
		{86865606-958C-4F7A-8EF6-08AB420D57B1} = {86865606-958C-4F7A-8EF6-08AB420D57B1}
		{B199555A-146B-40E9-A4F9-79BC207BA476} = {B199555A-146B-40E9-A4F9-79BC207BA476}
		{AF9F75FB-EDE9-488C-8B28-5031E563AC6C} = {AF9F75FB-EDE9-488C-8B28-5031E563AC6C}
		{D014C179-2127-4B61-87B7-BA791CC56AB1} = {D014C179-2127-4B61-87B7-BA791CC56AB1}
		{68F17AB3-3CCF-437C-9E87-7DA437984A6E} = {68F17AB3-3CCF-437C-9E87-7DA437984A6E}
		{750C3B9D-BE7C-463F-84E8-9FB63CD3AA56} = {750C3B9D-BE7C-463F-84E8-9FB63CD3AA56}
		{FE981774-4674-4D80-BA8D-95B7536295C7} = {FE981774-4674-4D80-BA8D-95B7536295C7}
		{65F66EA4-4B48-45D7-95A6-B4D1DF68C83B} = {65F66EA4-4B48-45D7-95A6-B4D1DF68C83B}
		{078580D3-9DA2-4A0A-A9E6-467F32D816D5} = {078580D3-9DA2-4A0A-A9E6-467F32D816D5}
		{5CA9C336-AF67-45C1-BB81-ADD360D382A4} = {5CA9C336-AF67-45C1-BB81-ADD360D382A4}
		{49081B43-D984-43AF-AAE6-DC6A27C54B75} = {49081B43-D984-43AF-AAE6-DC6A27C54B75}
		{5E38D979-ADF8-4D9D-9A06-0B6C6282B205} = {5E38D979-ADF8-4D9D-9A06-0B6C6282B205}
	EndProjectSection
EndProject
Project("{8BC9CEB8-8B4A-11D0-8D11-00A0C91BC942}") = "AppBasicDemo", "Demos\BasicDemo\AppBasicDemo.vcproj", "{0D84D1CF-CE8F-4DFC-A11F-7E577360B248}"
	ProjectSection(ProjectDependencies) = postProject
		{86865606-958C-4F7A-8EF6-08AB420D57B1} = {86865606-958C-4F7A-8EF6-08AB420D57B1}
		{B199555A-146B-40E9-A4F9-79BC207BA476} = {B199555A-146B-40E9-A4F9-79BC207BA476}
		{5CA9C336-AF67-45C1-BB81-ADD360D382A4} = {5CA9C336-AF67-45C1-BB81-ADD360D382A4}
		{49081B43-D984-43AF-AAE6-DC6A27C54B75} = {49081B43-D984-43AF-AAE6-DC6A27C54B75}
		{5E38D979-ADF8-4D9D-9A06-0B6C6282B205} = {5E38D979-ADF8-4D9D-9A06-0B6C6282B205}
	EndProjectSection
EndProject
Project("{8BC9CEB8-8B4A-11D0-8D11-00A0C91BC942}") = "AppBenchmarks", "Demos\Benchmarks\AppBenchmarks.vcproj", "{FC7E7069-AE81-4175-B8D7-974BE915A46E}"
	ProjectSection(ProjectDependencies) = postProject
		{86865606-958C-4F7A-8EF6-08AB420D57B1} = {86865606-958C-4F7A-8EF6-08AB420D57B1}
		{B199555A-146B-40E9-A4F9-79BC207BA476} = {B199555A-146B-40E9-A4F9-79BC207BA476}
		{5CA9C336-AF67-45C1-BB81-ADD360D382A4} = {5CA9C336-AF67-45C1-BB81-ADD360D382A4}
		{49081B43-D984-43AF-AAE6-DC6A27C54B75} = {49081B43-D984-43AF-AAE6-DC6A27C54B75}
		{5E38D979-ADF8-4D9D-9A06-0B6C6282B205} = {5E38D979-ADF8-4D9D-9A06-0B6C6282B205}
	EndProjectSection
EndProject
Project("{8BC9CEB8-8B4A-11D0-8D11-00A0C91BC942}") = "AppBox2dDemo", "Demos\Box2dDemo\AppBox2dDemo.vcproj", "{66D3E570-C112-4C88-84BC-606A3156BFA2}"
	ProjectSection(ProjectDependencies) = postProject
		{86865606-958C-4F7A-8EF6-08AB420D57B1} = {86865606-958C-4F7A-8EF6-08AB420D57B1}
		{B199555A-146B-40E9-A4F9-79BC207BA476} = {B199555A-146B-40E9-A4F9-79BC207BA476}
		{5CA9C336-AF67-45C1-BB81-ADD360D382A4} = {5CA9C336-AF67-45C1-BB81-ADD360D382A4}
		{49081B43-D984-43AF-AAE6-DC6A27C54B75} = {49081B43-D984-43AF-AAE6-DC6A27C54B75}
		{5E38D979-ADF8-4D9D-9A06-0B6C6282B205} = {5E38D979-ADF8-4D9D-9A06-0B6C6282B205}
	EndProjectSection
EndProject
Project("{8BC9CEB8-8B4A-11D0-8D11-00A0C91BC942}") = "AppBspPhysicsDemo", "Demos\BspDemo\AppBspPhysicsDemo.vcproj", "{F5CCC108-1AFA-4F53-8054-E92C74B91CE8}"
	ProjectSection(ProjectDependencies) = postProject
		{86865606-958C-4F7A-8EF6-08AB420D57B1} = {86865606-958C-4F7A-8EF6-08AB420D57B1}
		{B199555A-146B-40E9-A4F9-79BC207BA476} = {B199555A-146B-40E9-A4F9-79BC207BA476}
		{5CA9C336-AF67-45C1-BB81-ADD360D382A4} = {5CA9C336-AF67-45C1-BB81-ADD360D382A4}
		{49081B43-D984-43AF-AAE6-DC6A27C54B75} = {49081B43-D984-43AF-AAE6-DC6A27C54B75}
		{5E38D979-ADF8-4D9D-9A06-0B6C6282B205} = {5E38D979-ADF8-4D9D-9A06-0B6C6282B205}
	EndProjectSection
EndProject
Project("{8BC9CEB8-8B4A-11D0-8D11-00A0C91BC942}") = "AppCcdPhysicsDemo", "Demos\CcdPhysicsDemo\AppCcdPhysicsDemo.vcproj", "{C758F8C6-160A-4F3B-81BB-80CAC9C87364}"
	ProjectSection(ProjectDependencies) = postProject
		{86865606-958C-4F7A-8EF6-08AB420D57B1} = {86865606-958C-4F7A-8EF6-08AB420D57B1}
		{B199555A-146B-40E9-A4F9-79BC207BA476} = {B199555A-146B-40E9-A4F9-79BC207BA476}
		{5CA9C336-AF67-45C1-BB81-ADD360D382A4} = {5CA9C336-AF67-45C1-BB81-ADD360D382A4}
		{49081B43-D984-43AF-AAE6-DC6A27C54B75} = {49081B43-D984-43AF-AAE6-DC6A27C54B75}
		{5E38D979-ADF8-4D9D-9A06-0B6C6282B205} = {5E38D979-ADF8-4D9D-9A06-0B6C6282B205}
	EndProjectSection
EndProject
Project("{8BC9CEB8-8B4A-11D0-8D11-00A0C91BC942}") = "AppCharacterDemo", "Demos\CharacterDemo\AppCharacterDemo.vcproj", "{C78C27D5-C873-476B-990A-CE3697057DCF}"
	ProjectSection(ProjectDependencies) = postProject
		{86865606-958C-4F7A-8EF6-08AB420D57B1} = {86865606-958C-4F7A-8EF6-08AB420D57B1}
		{B199555A-146B-40E9-A4F9-79BC207BA476} = {B199555A-146B-40E9-A4F9-79BC207BA476}
		{5CA9C336-AF67-45C1-BB81-ADD360D382A4} = {5CA9C336-AF67-45C1-BB81-ADD360D382A4}
		{49081B43-D984-43AF-AAE6-DC6A27C54B75} = {49081B43-D984-43AF-AAE6-DC6A27C54B75}
		{5E38D979-ADF8-4D9D-9A06-0B6C6282B205} = {5E38D979-ADF8-4D9D-9A06-0B6C6282B205}
	EndProjectSection
EndProject
Project("{8BC9CEB8-8B4A-11D0-8D11-00A0C91BC942}") = "AppCollisionDemo", "Demos\CollisionDemo\AppCollisionDemo.vcproj", "{4F155469-0210-4E76-A42F-3A3813FB3CE5}"
	ProjectSection(ProjectDependencies) = postProject
		{86865606-958C-4F7A-8EF6-08AB420D57B1} = {86865606-958C-4F7A-8EF6-08AB420D57B1}
		{B199555A-146B-40E9-A4F9-79BC207BA476} = {B199555A-146B-40E9-A4F9-79BC207BA476}
		{5CA9C336-AF67-45C1-BB81-ADD360D382A4} = {5CA9C336-AF67-45C1-BB81-ADD360D382A4}
		{49081B43-D984-43AF-AAE6-DC6A27C54B75} = {49081B43-D984-43AF-AAE6-DC6A27C54B75}
		{5E38D979-ADF8-4D9D-9A06-0B6C6282B205} = {5E38D979-ADF8-4D9D-9A06-0B6C6282B205}
	EndProjectSection
EndProject
Project("{8BC9CEB8-8B4A-11D0-8D11-00A0C91BC942}") = "AppCollisionInterfaceDemo", "Demos\CollisionInterfaceDemo\AppCollisionInterfaceDemo.vcproj", "{BBEC3A65-9670-4396-A880-BAD59FCE4AA7}"
	ProjectSection(ProjectDependencies) = postProject
		{86865606-958C-4F7A-8EF6-08AB420D57B1} = {86865606-958C-4F7A-8EF6-08AB420D57B1}
		{B199555A-146B-40E9-A4F9-79BC207BA476} = {B199555A-146B-40E9-A4F9-79BC207BA476}
		{5CA9C336-AF67-45C1-BB81-ADD360D382A4} = {5CA9C336-AF67-45C1-BB81-ADD360D382A4}
		{49081B43-D984-43AF-AAE6-DC6A27C54B75} = {49081B43-D984-43AF-AAE6-DC6A27C54B75}
		{5E38D979-ADF8-4D9D-9A06-0B6C6282B205} = {5E38D979-ADF8-4D9D-9A06-0B6C6282B205}
	EndProjectSection
EndProject
Project("{8BC9CEB8-8B4A-11D0-8D11-00A0C91BC942}") = "AppConcaveConvexCastDemo", "Demos\ConcaveConvexcastDemo\AppConcaveConvexCastDemo.vcproj", "{2B249C9D-9B45-4149-A22B-C6115648C8E9}"
	ProjectSection(ProjectDependencies) = postProject
		{86865606-958C-4F7A-8EF6-08AB420D57B1} = {86865606-958C-4F7A-8EF6-08AB420D57B1}
		{B199555A-146B-40E9-A4F9-79BC207BA476} = {B199555A-146B-40E9-A4F9-79BC207BA476}
		{5CA9C336-AF67-45C1-BB81-ADD360D382A4} = {5CA9C336-AF67-45C1-BB81-ADD360D382A4}
		{49081B43-D984-43AF-AAE6-DC6A27C54B75} = {49081B43-D984-43AF-AAE6-DC6A27C54B75}
		{5E38D979-ADF8-4D9D-9A06-0B6C6282B205} = {5E38D979-ADF8-4D9D-9A06-0B6C6282B205}
	EndProjectSection
EndProject
Project("{8BC9CEB8-8B4A-11D0-8D11-00A0C91BC942}") = "AppConcaveDemo", "Demos\ConcaveDemo\AppConcaveDemo.vcproj", "{0F02D790-D267-4091-A3B5-70075EB125BA}"
	ProjectSection(ProjectDependencies) = postProject
		{86865606-958C-4F7A-8EF6-08AB420D57B1} = {86865606-958C-4F7A-8EF6-08AB420D57B1}
		{B199555A-146B-40E9-A4F9-79BC207BA476} = {B199555A-146B-40E9-A4F9-79BC207BA476}
		{AF9F75FB-EDE9-488C-8B28-5031E563AC6C} = {AF9F75FB-EDE9-488C-8B28-5031E563AC6C}
		{750C3B9D-BE7C-463F-84E8-9FB63CD3AA56} = {750C3B9D-BE7C-463F-84E8-9FB63CD3AA56}
		{5CA9C336-AF67-45C1-BB81-ADD360D382A4} = {5CA9C336-AF67-45C1-BB81-ADD360D382A4}
		{49081B43-D984-43AF-AAE6-DC6A27C54B75} = {49081B43-D984-43AF-AAE6-DC6A27C54B75}
		{5E38D979-ADF8-4D9D-9A06-0B6C6282B205} = {5E38D979-ADF8-4D9D-9A06-0B6C6282B205}
	EndProjectSection
EndProject
Project("{8BC9CEB8-8B4A-11D0-8D11-00A0C91BC942}") = "AppConcaveRayCastDemo", "Demos\ConcaveRaycastDemo\AppConcaveRayCastDemo.vcproj", "{E192E374-B13C-450D-A979-3C504FCEC949}"
	ProjectSection(ProjectDependencies) = postProject
		{86865606-958C-4F7A-8EF6-08AB420D57B1} = {86865606-958C-4F7A-8EF6-08AB420D57B1}
		{B199555A-146B-40E9-A4F9-79BC207BA476} = {B199555A-146B-40E9-A4F9-79BC207BA476}
		{5CA9C336-AF67-45C1-BB81-ADD360D382A4} = {5CA9C336-AF67-45C1-BB81-ADD360D382A4}
		{49081B43-D984-43AF-AAE6-DC6A27C54B75} = {49081B43-D984-43AF-AAE6-DC6A27C54B75}
		{5E38D979-ADF8-4D9D-9A06-0B6C6282B205} = {5E38D979-ADF8-4D9D-9A06-0B6C6282B205}
	EndProjectSection
EndProject
Project("{8BC9CEB8-8B4A-11D0-8D11-00A0C91BC942}") = "AppConstraintDemo", "Demos\ConstraintDemo\AppConstraintDemo.vcproj", "{F39A05B8-AE4A-4483-839F-7DB0AB03A5FE}"
	ProjectSection(ProjectDependencies) = postProject
		{86865606-958C-4F7A-8EF6-08AB420D57B1} = {86865606-958C-4F7A-8EF6-08AB420D57B1}
		{B199555A-146B-40E9-A4F9-79BC207BA476} = {B199555A-146B-40E9-A4F9-79BC207BA476}
		{AF9F75FB-EDE9-488C-8B28-5031E563AC6C} = {AF9F75FB-EDE9-488C-8B28-5031E563AC6C}
		{750C3B9D-BE7C-463F-84E8-9FB63CD3AA56} = {750C3B9D-BE7C-463F-84E8-9FB63CD3AA56}
		{5CA9C336-AF67-45C1-BB81-ADD360D382A4} = {5CA9C336-AF67-45C1-BB81-ADD360D382A4}
		{49081B43-D984-43AF-AAE6-DC6A27C54B75} = {49081B43-D984-43AF-AAE6-DC6A27C54B75}
		{5E38D979-ADF8-4D9D-9A06-0B6C6282B205} = {5E38D979-ADF8-4D9D-9A06-0B6C6282B205}
	EndProjectSection
EndProject
Project("{8BC9CEB8-8B4A-11D0-8D11-00A0C91BC942}") = "AppContinuousConvexCollisionDemo", "Demos\ContinuousConvexCollision\AppContinuousConvexCollisionDemo.vcproj", "{15BC9EE6-D2F6-4022-859B-DB2AD87E7F74}"
	ProjectSection(ProjectDependencies) = postProject
		{86865606-958C-4F7A-8EF6-08AB420D57B1} = {86865606-958C-4F7A-8EF6-08AB420D57B1}
		{B199555A-146B-40E9-A4F9-79BC207BA476} = {B199555A-146B-40E9-A4F9-79BC207BA476}
		{5CA9C336-AF67-45C1-BB81-ADD360D382A4} = {5CA9C336-AF67-45C1-BB81-ADD360D382A4}
		{49081B43-D984-43AF-AAE6-DC6A27C54B75} = {49081B43-D984-43AF-AAE6-DC6A27C54B75}
		{5E38D979-ADF8-4D9D-9A06-0B6C6282B205} = {5E38D979-ADF8-4D9D-9A06-0B6C6282B205}
	EndProjectSection
EndProject
Project("{8BC9CEB8-8B4A-11D0-8D11-00A0C91BC942}") = "AppConvexDecompositionDemo", "Demos\ConvexDecompositionDemo\AppConvexDecompositionDemo.vcproj", "{1921DD95-A89C-4854-81CD-F20F20B3BE57}"
	ProjectSection(ProjectDependencies) = postProject
		{86865606-958C-4F7A-8EF6-08AB420D57B1} = {86865606-958C-4F7A-8EF6-08AB420D57B1}
		{B199555A-146B-40E9-A4F9-79BC207BA476} = {B199555A-146B-40E9-A4F9-79BC207BA476}
		{AF9F75FB-EDE9-488C-8B28-5031E563AC6C} = {AF9F75FB-EDE9-488C-8B28-5031E563AC6C}
		{750C3B9D-BE7C-463F-84E8-9FB63CD3AA56} = {750C3B9D-BE7C-463F-84E8-9FB63CD3AA56}
		{FE981774-4674-4D80-BA8D-95B7536295C7} = {FE981774-4674-4D80-BA8D-95B7536295C7}
		{5CA9C336-AF67-45C1-BB81-ADD360D382A4} = {5CA9C336-AF67-45C1-BB81-ADD360D382A4}
		{49081B43-D984-43AF-AAE6-DC6A27C54B75} = {49081B43-D984-43AF-AAE6-DC6A27C54B75}
		{5E38D979-ADF8-4D9D-9A06-0B6C6282B205} = {5E38D979-ADF8-4D9D-9A06-0B6C6282B205}
	EndProjectSection
EndProject
Project("{8BC9CEB8-8B4A-11D0-8D11-00A0C91BC942}") = "AppConvexHullDistanceDemo", "Demos\ConvexHullDistance\AppConvexHullDistanceDemo.vcproj", "{3C058E61-C13D-42F5-9035-9AC45EB9B996}"
	ProjectSection(ProjectDependencies) = postProject
		{86865606-958C-4F7A-8EF6-08AB420D57B1} = {86865606-958C-4F7A-8EF6-08AB420D57B1}
		{B199555A-146B-40E9-A4F9-79BC207BA476} = {B199555A-146B-40E9-A4F9-79BC207BA476}
		{5CA9C336-AF67-45C1-BB81-ADD360D382A4} = {5CA9C336-AF67-45C1-BB81-ADD360D382A4}
		{49081B43-D984-43AF-AAE6-DC6A27C54B75} = {49081B43-D984-43AF-AAE6-DC6A27C54B75}
		{5E38D979-ADF8-4D9D-9A06-0B6C6282B205} = {5E38D979-ADF8-4D9D-9A06-0B6C6282B205}
	EndProjectSection
EndProject
Project("{8BC9CEB8-8B4A-11D0-8D11-00A0C91BC942}") = "AppDoublePrecisionDemo", "Demos\DoublePrecisionDemo\AppDoublePrecisionDemo.vcproj", "{FA32A830-4947-4EA6-946E-902D0D12419F}"
	ProjectSection(ProjectDependencies) = postProject
		{86865606-958C-4F7A-8EF6-08AB420D57B1} = {86865606-958C-4F7A-8EF6-08AB420D57B1}
		{B199555A-146B-40E9-A4F9-79BC207BA476} = {B199555A-146B-40E9-A4F9-79BC207BA476}
		{5CA9C336-AF67-45C1-BB81-ADD360D382A4} = {5CA9C336-AF67-45C1-BB81-ADD360D382A4}
		{49081B43-D984-43AF-AAE6-DC6A27C54B75} = {49081B43-D984-43AF-AAE6-DC6A27C54B75}
		{5E38D979-ADF8-4D9D-9A06-0B6C6282B205} = {5E38D979-ADF8-4D9D-9A06-0B6C6282B205}
	EndProjectSection
EndProject
Project("{8BC9CEB8-8B4A-11D0-8D11-00A0C91BC942}") = "AppForkLiftDemo", "Demos\ForkLiftDemo\AppForkLiftDemo.vcproj", "{F83EB44A-F704-4BC4-B3B9-70062A19A1FE}"
	ProjectSection(ProjectDependencies) = postProject
		{86865606-958C-4F7A-8EF6-08AB420D57B1} = {86865606-958C-4F7A-8EF6-08AB420D57B1}
		{B199555A-146B-40E9-A4F9-79BC207BA476} = {B199555A-146B-40E9-A4F9-79BC207BA476}
		{5CA9C336-AF67-45C1-BB81-ADD360D382A4} = {5CA9C336-AF67-45C1-BB81-ADD360D382A4}
		{49081B43-D984-43AF-AAE6-DC6A27C54B75} = {49081B43-D984-43AF-AAE6-DC6A27C54B75}
		{5E38D979-ADF8-4D9D-9A06-0B6C6282B205} = {5E38D979-ADF8-4D9D-9A06-0B6C6282B205}
	EndProjectSection
EndProject
Project("{8BC9CEB8-8B4A-11D0-8D11-00A0C91BC942}") = "AppFractureDemo", "Demos\FractureDemo\AppFractureDemo.vcproj", "{2EFB79BF-660A-4377-8D49-70AB2F5CA416}"
	ProjectSection(ProjectDependencies) = postProject
		{86865606-958C-4F7A-8EF6-08AB420D57B1} = {86865606-958C-4F7A-8EF6-08AB420D57B1}
		{B199555A-146B-40E9-A4F9-79BC207BA476} = {B199555A-146B-40E9-A4F9-79BC207BA476}
		{5CA9C336-AF67-45C1-BB81-ADD360D382A4} = {5CA9C336-AF67-45C1-BB81-ADD360D382A4}
		{49081B43-D984-43AF-AAE6-DC6A27C54B75} = {49081B43-D984-43AF-AAE6-DC6A27C54B75}
		{5E38D979-ADF8-4D9D-9A06-0B6C6282B205} = {5E38D979-ADF8-4D9D-9A06-0B6C6282B205}
	EndProjectSection
EndProject
Project("{8BC9CEB8-8B4A-11D0-8D11-00A0C91BC942}") = "AppGenericJointDemo", "Demos\GenericJointDemo\AppGenericJointDemo.vcproj", "{98B9E6A2-1544-4A28-87BB-3BF080E84B97}"
	ProjectSection(ProjectDependencies) = postProject
		{86865606-958C-4F7A-8EF6-08AB420D57B1} = {86865606-958C-4F7A-8EF6-08AB420D57B1}
		{B199555A-146B-40E9-A4F9-79BC207BA476} = {B199555A-146B-40E9-A4F9-79BC207BA476}
		{5CA9C336-AF67-45C1-BB81-ADD360D382A4} = {5CA9C336-AF67-45C1-BB81-ADD360D382A4}
		{49081B43-D984-43AF-AAE6-DC6A27C54B75} = {49081B43-D984-43AF-AAE6-DC6A27C54B75}
		{5E38D979-ADF8-4D9D-9A06-0B6C6282B205} = {5E38D979-ADF8-4D9D-9A06-0B6C6282B205}
	EndProjectSection
EndProject
Project("{8BC9CEB8-8B4A-11D0-8D11-00A0C91BC942}") = "AppHelloWorld", "Demos\HelloWorld\AppHelloWorld.vcproj", "{B2692305-24BA-4A63-8229-31372379BBC4}"
	ProjectSection(ProjectDependencies) = postProject
		{86865606-958C-4F7A-8EF6-08AB420D57B1} = {86865606-958C-4F7A-8EF6-08AB420D57B1}
		{B199555A-146B-40E9-A4F9-79BC207BA476} = {B199555A-146B-40E9-A4F9-79BC207BA476}
		{5CA9C336-AF67-45C1-BB81-ADD360D382A4} = {5CA9C336-AF67-45C1-BB81-ADD360D382A4}
		{5E38D979-ADF8-4D9D-9A06-0B6C6282B205} = {5E38D979-ADF8-4D9D-9A06-0B6C6282B205}
	EndProjectSection
EndProject
Project("{8BC9CEB8-8B4A-11D0-8D11-00A0C91BC942}") = "AppInternalEdgeDemo", "Demos\InternalEdgeDemo\AppInternalEdgeDemo.vcproj", "{D7BB247E-63BC-4DB8-A6B1-BE6E045D8BD9}"
	ProjectSection(ProjectDependencies) = postProject
		{86865606-958C-4F7A-8EF6-08AB420D57B1} = {86865606-958C-4F7A-8EF6-08AB420D57B1}
		{B199555A-146B-40E9-A4F9-79BC207BA476} = {B199555A-146B-40E9-A4F9-79BC207BA476}
		{5CA9C336-AF67-45C1-BB81-ADD360D382A4} = {5CA9C336-AF67-45C1-BB81-ADD360D382A4}
		{49081B43-D984-43AF-AAE6-DC6A27C54B75} = {49081B43-D984-43AF-AAE6-DC6A27C54B75}
		{5E38D979-ADF8-4D9D-9A06-0B6C6282B205} = {5E38D979-ADF8-4D9D-9A06-0B6C6282B205}
	EndProjectSection
EndProject
Project("{8BC9CEB8-8B4A-11D0-8D11-00A0C91BC942}") = "AppLinearConvexCastDemo", "Demos\GjkConvexCastDemo\AppLinearConvexCastDemo.vcproj", "{F1CC4314-BAE0-470A-AB93-55F0B1449B02}"
	ProjectSection(ProjectDependencies) = postProject
		{86865606-958C-4F7A-8EF6-08AB420D57B1} = {86865606-958C-4F7A-8EF6-08AB420D57B1}
		{B199555A-146B-40E9-A4F9-79BC207BA476} = {B199555A-146B-40E9-A4F9-79BC207BA476}
		{5CA9C336-AF67-45C1-BB81-ADD360D382A4} = {5CA9C336-AF67-45C1-BB81-ADD360D382A4}
		{49081B43-D984-43AF-AAE6-DC6A27C54B75} = {49081B43-D984-43AF-AAE6-DC6A27C54B75}
		{5E38D979-ADF8-4D9D-9A06-0B6C6282B205} = {5E38D979-ADF8-4D9D-9A06-0B6C6282B205}
	EndProjectSection
EndProject
Project("{8BC9CEB8-8B4A-11D0-8D11-00A0C91BC942}") = "AppMotorDemo", "Demos\DynamicControlDemo\AppMotorDemo.vcproj", "{E07B5C7E-1630-4600-B164-0FA199B30078}"
	ProjectSection(ProjectDependencies) = postProject
		{86865606-958C-4F7A-8EF6-08AB420D57B1} = {86865606-958C-4F7A-8EF6-08AB420D57B1}
		{B199555A-146B-40E9-A4F9-79BC207BA476} = {B199555A-146B-40E9-A4F9-79BC207BA476}
		{5CA9C336-AF67-45C1-BB81-ADD360D382A4} = {5CA9C336-AF67-45C1-BB81-ADD360D382A4}
		{49081B43-D984-43AF-AAE6-DC6A27C54B75} = {49081B43-D984-43AF-AAE6-DC6A27C54B75}
		{5E38D979-ADF8-4D9D-9A06-0B6C6282B205} = {5E38D979-ADF8-4D9D-9A06-0B6C6282B205}
	EndProjectSection
EndProject
Project("{8BC9CEB8-8B4A-11D0-8D11-00A0C91BC942}") = "AppMovingConcaveDemo", "Demos\MovingConcaveDemo\AppMovingConcaveDemo.vcproj", "{71518619-3C30-4C57-8495-B4E5FDEB4072}"
	ProjectSection(ProjectDependencies) = postProject
		{86865606-958C-4F7A-8EF6-08AB420D57B1} = {86865606-958C-4F7A-8EF6-08AB420D57B1}
		{B199555A-146B-40E9-A4F9-79BC207BA476} = {B199555A-146B-40E9-A4F9-79BC207BA476}
		{5CA9C336-AF67-45C1-BB81-ADD360D382A4} = {5CA9C336-AF67-45C1-BB81-ADD360D382A4}
		{49081B43-D984-43AF-AAE6-DC6A27C54B75} = {49081B43-D984-43AF-AAE6-DC6A27C54B75}
		{5E38D979-ADF8-4D9D-9A06-0B6C6282B205} = {5E38D979-ADF8-4D9D-9A06-0B6C6282B205}
	EndProjectSection
EndProject
Project("{8BC9CEB8-8B4A-11D0-8D11-00A0C91BC942}") = "AppMultiMaterialDemo", "Demos\MultiMaterialDemo\AppMultiMaterialDemo.vcproj", "{2CCE84CC-A8BD-47B0-A3BB-642A594F288B}"
	ProjectSection(ProjectDependencies) = postProject
		{86865606-958C-4F7A-8EF6-08AB420D57B1} = {86865606-958C-4F7A-8EF6-08AB420D57B1}
		{B199555A-146B-40E9-A4F9-79BC207BA476} = {B199555A-146B-40E9-A4F9-79BC207BA476}
		{5CA9C336-AF67-45C1-BB81-ADD360D382A4} = {5CA9C336-AF67-45C1-BB81-ADD360D382A4}
		{49081B43-D984-43AF-AAE6-DC6A27C54B75} = {49081B43-D984-43AF-AAE6-DC6A27C54B75}
		{5E38D979-ADF8-4D9D-9A06-0B6C6282B205} = {5E38D979-ADF8-4D9D-9A06-0B6C6282B205}
	EndProjectSection
EndProject
Project("{8BC9CEB8-8B4A-11D0-8D11-00A0C91BC942}") = "AppMultiThreadedDemo", "Demos\MultiThreadedDemo\AppMultiThreadedDemo.vcproj", "{FB298ACE-256B-44D3-BB0C-396281A03A76}"
	ProjectSection(ProjectDependencies) = postProject
		{86865606-958C-4F7A-8EF6-08AB420D57B1} = {86865606-958C-4F7A-8EF6-08AB420D57B1}
		{B199555A-146B-40E9-A4F9-79BC207BA476} = {B199555A-146B-40E9-A4F9-79BC207BA476}
		{D014C179-2127-4B61-87B7-BA791CC56AB1} = {D014C179-2127-4B61-87B7-BA791CC56AB1}
		{5CA9C336-AF67-45C1-BB81-ADD360D382A4} = {5CA9C336-AF67-45C1-BB81-ADD360D382A4}
		{49081B43-D984-43AF-AAE6-DC6A27C54B75} = {49081B43-D984-43AF-AAE6-DC6A27C54B75}
		{5E38D979-ADF8-4D9D-9A06-0B6C6282B205} = {5E38D979-ADF8-4D9D-9A06-0B6C6282B205}
	EndProjectSection
EndProject
Project("{8BC9CEB8-8B4A-11D0-8D11-00A0C91BC942}") = "AppOpenCLClothDemo_Mini", "Demos\OpenCLClothDemo\MiniCL\AppOpenCLClothDemo_Mini.vcproj", "{84450370-195C-42B4-AE29-292C6702AF3F}"
	ProjectSection(ProjectDependencies) = postProject
		{86865606-958C-4F7A-8EF6-08AB420D57B1} = {86865606-958C-4F7A-8EF6-08AB420D57B1}
		{B199555A-146B-40E9-A4F9-79BC207BA476} = {B199555A-146B-40E9-A4F9-79BC207BA476}
		{D014C179-2127-4B61-87B7-BA791CC56AB1} = {D014C179-2127-4B61-87B7-BA791CC56AB1}
		{68F17AB3-3CCF-437C-9E87-7DA437984A6E} = {68F17AB3-3CCF-437C-9E87-7DA437984A6E}
		{142996B5-6BBA-40A4-A425-176DF8D29490} = {142996B5-6BBA-40A4-A425-176DF8D29490}
		{EF9CF9BD-EF39-45A8-B05D-34D266E09FC8} = {EF9CF9BD-EF39-45A8-B05D-34D266E09FC8}
		{5CA9C336-AF67-45C1-BB81-ADD360D382A4} = {5CA9C336-AF67-45C1-BB81-ADD360D382A4}
		{C859DCF2-542F-43D0-8B68-1EA1B84FEC60} = {C859DCF2-542F-43D0-8B68-1EA1B84FEC60}
		{49081B43-D984-43AF-AAE6-DC6A27C54B75} = {49081B43-D984-43AF-AAE6-DC6A27C54B75}
		{5E38D979-ADF8-4D9D-9A06-0B6C6282B205} = {5E38D979-ADF8-4D9D-9A06-0B6C6282B205}
	EndProjectSection
EndProject
Project("{8BC9CEB8-8B4A-11D0-8D11-00A0C91BC942}") = "AppParticlesOCL_Mini", "Demos\ParticlesOpenCL\MiniCL\AppParticlesOCL_Mini.vcproj", "{36B94A67-2967-43E6-B9D4-995A19DFCEAA}"
	ProjectSection(ProjectDependencies) = postProject
		{86865606-958C-4F7A-8EF6-08AB420D57B1} = {86865606-958C-4F7A-8EF6-08AB420D57B1}
		{B199555A-146B-40E9-A4F9-79BC207BA476} = {B199555A-146B-40E9-A4F9-79BC207BA476}
		{D014C179-2127-4B61-87B7-BA791CC56AB1} = {D014C179-2127-4B61-87B7-BA791CC56AB1}
		{5CA9C336-AF67-45C1-BB81-ADD360D382A4} = {5CA9C336-AF67-45C1-BB81-ADD360D382A4}
		{C859DCF2-542F-43D0-8B68-1EA1B84FEC60} = {C859DCF2-542F-43D0-8B68-1EA1B84FEC60}
		{49081B43-D984-43AF-AAE6-DC6A27C54B75} = {49081B43-D984-43AF-AAE6-DC6A27C54B75}
		{5E38D979-ADF8-4D9D-9A06-0B6C6282B205} = {5E38D979-ADF8-4D9D-9A06-0B6C6282B205}
	EndProjectSection
EndProject
Project("{8BC9CEB8-8B4A-11D0-8D11-00A0C91BC942}") = "AppRagdollDemo", "Demos\RagdollDemo\AppRagdollDemo.vcproj", "{AF2560DD-0148-46DE-ABCB-10530630BD1F}"
	ProjectSection(ProjectDependencies) = postProject
		{86865606-958C-4F7A-8EF6-08AB420D57B1} = {86865606-958C-4F7A-8EF6-08AB420D57B1}
		{B199555A-146B-40E9-A4F9-79BC207BA476} = {B199555A-146B-40E9-A4F9-79BC207BA476}
		{5CA9C336-AF67-45C1-BB81-ADD360D382A4} = {5CA9C336-AF67-45C1-BB81-ADD360D382A4}
		{49081B43-D984-43AF-AAE6-DC6A27C54B75} = {49081B43-D984-43AF-AAE6-DC6A27C54B75}
		{5E38D979-ADF8-4D9D-9A06-0B6C6282B205} = {5E38D979-ADF8-4D9D-9A06-0B6C6282B205}
	EndProjectSection
EndProject
Project("{8BC9CEB8-8B4A-11D0-8D11-00A0C91BC942}") = "AppRaytracer", "Demos\Raytracer\AppRaytracer.vcproj", "{FEABD79E-6B8C-40DB-B120-66A87BC1996E}"
	ProjectSection(ProjectDependencies) = postProject
		{86865606-958C-4F7A-8EF6-08AB420D57B1} = {86865606-958C-4F7A-8EF6-08AB420D57B1}
		{B199555A-146B-40E9-A4F9-79BC207BA476} = {B199555A-146B-40E9-A4F9-79BC207BA476}
		{5CA9C336-AF67-45C1-BB81-ADD360D382A4} = {5CA9C336-AF67-45C1-BB81-ADD360D382A4}
		{49081B43-D984-43AF-AAE6-DC6A27C54B75} = {49081B43-D984-43AF-AAE6-DC6A27C54B75}
		{5E38D979-ADF8-4D9D-9A06-0B6C6282B205} = {5E38D979-ADF8-4D9D-9A06-0B6C6282B205}
	EndProjectSection
EndProject
Project("{8BC9CEB8-8B4A-11D0-8D11-00A0C91BC942}") = "AppSerializeDemo", "Demos\SerializeDemo\AppSerializeDemo.vcproj", "{B2BAEC50-2CF4-4085-9DE5-20B454DD828E}"
	ProjectSection(ProjectDependencies) = postProject
		{86865606-958C-4F7A-8EF6-08AB420D57B1} = {86865606-958C-4F7A-8EF6-08AB420D57B1}
		{B199555A-146B-40E9-A4F9-79BC207BA476} = {B199555A-146B-40E9-A4F9-79BC207BA476}
		{AF9F75FB-EDE9-488C-8B28-5031E563AC6C} = {AF9F75FB-EDE9-488C-8B28-5031E563AC6C}
		{68F17AB3-3CCF-437C-9E87-7DA437984A6E} = {68F17AB3-3CCF-437C-9E87-7DA437984A6E}
		{750C3B9D-BE7C-463F-84E8-9FB63CD3AA56} = {750C3B9D-BE7C-463F-84E8-9FB63CD3AA56}
		{5CA9C336-AF67-45C1-BB81-ADD360D382A4} = {5CA9C336-AF67-45C1-BB81-ADD360D382A4}
		{49081B43-D984-43AF-AAE6-DC6A27C54B75} = {49081B43-D984-43AF-AAE6-DC6A27C54B75}
		{5E38D979-ADF8-4D9D-9A06-0B6C6282B205} = {5E38D979-ADF8-4D9D-9A06-0B6C6282B205}
	EndProjectSection
EndProject
Project("{8BC9CEB8-8B4A-11D0-8D11-00A0C91BC942}") = "AppSimplexDemo", "Demos\SimplexDemo\AppSimplexDemo.vcproj", "{5D51B083-983B-4D80-8580-EFBFF2D49CA6}"
	ProjectSection(ProjectDependencies) = postProject
		{86865606-958C-4F7A-8EF6-08AB420D57B1} = {86865606-958C-4F7A-8EF6-08AB420D57B1}
		{B199555A-146B-40E9-A4F9-79BC207BA476} = {B199555A-146B-40E9-A4F9-79BC207BA476}
		{5CA9C336-AF67-45C1-BB81-ADD360D382A4} = {5CA9C336-AF67-45C1-BB81-ADD360D382A4}
		{49081B43-D984-43AF-AAE6-DC6A27C54B75} = {49081B43-D984-43AF-AAE6-DC6A27C54B75}
		{5E38D979-ADF8-4D9D-9A06-0B6C6282B205} = {5E38D979-ADF8-4D9D-9A06-0B6C6282B205}
	EndProjectSection
EndProject
Project("{8BC9CEB8-8B4A-11D0-8D11-00A0C91BC942}") = "AppSliderConstraintDemo", "Demos\SliderConstraintDemo\AppSliderConstraintDemo.vcproj", "{5D2585B4-0619-4181-9F9A-3A86941E4508}"
	ProjectSection(ProjectDependencies) = postProject
		{86865606-958C-4F7A-8EF6-08AB420D57B1} = {86865606-958C-4F7A-8EF6-08AB420D57B1}
		{B199555A-146B-40E9-A4F9-79BC207BA476} = {B199555A-146B-40E9-A4F9-79BC207BA476}
		{5CA9C336-AF67-45C1-BB81-ADD360D382A4} = {5CA9C336-AF67-45C1-BB81-ADD360D382A4}
		{49081B43-D984-43AF-AAE6-DC6A27C54B75} = {49081B43-D984-43AF-AAE6-DC6A27C54B75}
		{5E38D979-ADF8-4D9D-9A06-0B6C6282B205} = {5E38D979-ADF8-4D9D-9A06-0B6C6282B205}
	EndProjectSection
EndProject
Project("{8BC9CEB8-8B4A-11D0-8D11-00A0C91BC942}") = "AppSoftBodyDemo", "Demos\SoftDemo\AppSoftBodyDemo.vcproj", "{F1793F1F-6463-4B02-8F1A-08C6AB19140B}"
	ProjectSection(ProjectDependencies) = postProject
		{86865606-958C-4F7A-8EF6-08AB420D57B1} = {86865606-958C-4F7A-8EF6-08AB420D57B1}
		{B199555A-146B-40E9-A4F9-79BC207BA476} = {B199555A-146B-40E9-A4F9-79BC207BA476}
		{68F17AB3-3CCF-437C-9E87-7DA437984A6E} = {68F17AB3-3CCF-437C-9E87-7DA437984A6E}
		{5CA9C336-AF67-45C1-BB81-ADD360D382A4} = {5CA9C336-AF67-45C1-BB81-ADD360D382A4}
		{49081B43-D984-43AF-AAE6-DC6A27C54B75} = {49081B43-D984-43AF-AAE6-DC6A27C54B75}
		{5E38D979-ADF8-4D9D-9A06-0B6C6282B205} = {5E38D979-ADF8-4D9D-9A06-0B6C6282B205}
	EndProjectSection
EndProject
Project("{8BC9CEB8-8B4A-11D0-8D11-00A0C91BC942}") = "AppThreadingDemo", "Demos\ThreadingDemo\AppThreadingDemo.vcproj", "{1A241EC1-F1C2-4899-895A-02C92D3828E8}"
	ProjectSection(ProjectDependencies) = postProject
		{86865606-958C-4F7A-8EF6-08AB420D57B1} = {86865606-958C-4F7A-8EF6-08AB420D57B1}
		{B199555A-146B-40E9-A4F9-79BC207BA476} = {B199555A-146B-40E9-A4F9-79BC207BA476}
		{D014C179-2127-4B61-87B7-BA791CC56AB1} = {D014C179-2127-4B61-87B7-BA791CC56AB1}
		{5CA9C336-AF67-45C1-BB81-ADD360D382A4} = {5CA9C336-AF67-45C1-BB81-ADD360D382A4}
		{5E38D979-ADF8-4D9D-9A06-0B6C6282B205} = {5E38D979-ADF8-4D9D-9A06-0B6C6282B205}
	EndProjectSection
EndProject
Project("{8BC9CEB8-8B4A-11D0-8D11-00A0C91BC942}") = "AppUserCollisionAlgorithm", "Demos\UserCollisionAlgorithm\AppUserCollisionAlgorithm.vcproj", "{6BAC3DB5-ED44-47A3-94FE-E7F5F53C3C3E}"
	ProjectSection(ProjectDependencies) = postProject
		{86865606-958C-4F7A-8EF6-08AB420D57B1} = {86865606-958C-4F7A-8EF6-08AB420D57B1}
		{B199555A-146B-40E9-A4F9-79BC207BA476} = {B199555A-146B-40E9-A4F9-79BC207BA476}
		{5CA9C336-AF67-45C1-BB81-ADD360D382A4} = {5CA9C336-AF67-45C1-BB81-ADD360D382A4}
		{49081B43-D984-43AF-AAE6-DC6A27C54B75} = {49081B43-D984-43AF-AAE6-DC6A27C54B75}
		{5E38D979-ADF8-4D9D-9A06-0B6C6282B205} = {5E38D979-ADF8-4D9D-9A06-0B6C6282B205}
	EndProjectSection
EndProject
Project("{8BC9CEB8-8B4A-11D0-8D11-00A0C91BC942}") = "AppVectorAdd_Mini", "Demos\VectorAdd_OpenCL\MiniCL\AppVectorAdd_Mini.vcproj", "{5EA577EF-42C3-49E0-B1A7-A31786DBA182}"
	ProjectSection(ProjectDependencies) = postProject
		{D014C179-2127-4B61-87B7-BA791CC56AB1} = {D014C179-2127-4B61-87B7-BA791CC56AB1}
		{5CA9C336-AF67-45C1-BB81-ADD360D382A4} = {5CA9C336-AF67-45C1-BB81-ADD360D382A4}
		{C859DCF2-542F-43D0-8B68-1EA1B84FEC60} = {C859DCF2-542F-43D0-8B68-1EA1B84FEC60}
		{5E38D979-ADF8-4D9D-9A06-0B6C6282B205} = {5E38D979-ADF8-4D9D-9A06-0B6C6282B205}
	EndProjectSection
EndProject
Project("{8BC9CEB8-8B4A-11D0-8D11-00A0C91BC942}") = "AppVehicleDemo", "Demos\VehicleDemo\AppVehicleDemo.vcproj", "{F703E1A5-2FA5-4FD9-B427-354EEC625090}"
	ProjectSection(ProjectDependencies) = postProject
		{86865606-958C-4F7A-8EF6-08AB420D57B1} = {86865606-958C-4F7A-8EF6-08AB420D57B1}
		{B199555A-146B-40E9-A4F9-79BC207BA476} = {B199555A-146B-40E9-A4F9-79BC207BA476}
		{5CA9C336-AF67-45C1-BB81-ADD360D382A4} = {5CA9C336-AF67-45C1-BB81-ADD360D382A4}
		{49081B43-D984-43AF-AAE6-DC6A27C54B75} = {49081B43-D984-43AF-AAE6-DC6A27C54B75}
		{5E38D979-ADF8-4D9D-9A06-0B6C6282B205} = {5E38D979-ADF8-4D9D-9A06-0B6C6282B205}
	EndProjectSection
EndProject
Project("{8BC9CEB8-8B4A-11D0-8D11-00A0C91BC942}") = "BulletCollision", "src\BulletCollision\BulletCollision.vcproj", "{86865606-958C-4F7A-8EF6-08AB420D57B1}"
	ProjectSection(ProjectDependencies) = postProject
		{5E38D979-ADF8-4D9D-9A06-0B6C6282B205} = {5E38D979-ADF8-4D9D-9A06-0B6C6282B205}
	EndProjectSection
EndProject
Project("{8BC9CEB8-8B4A-11D0-8D11-00A0C91BC942}") = "BulletDynamics", "src\BulletDynamics\BulletDynamics.vcproj", "{B199555A-146B-40E9-A4F9-79BC207BA476}"
	ProjectSection(ProjectDependencies) = postProject
		{5E38D979-ADF8-4D9D-9A06-0B6C6282B205} = {5E38D979-ADF8-4D9D-9A06-0B6C6282B205}
	EndProjectSection
EndProject
Project("{8BC9CEB8-8B4A-11D0-8D11-00A0C91BC942}") = "BulletFileLoader", "Extras\Serialize\BulletFileLoader\BulletFileLoader.vcproj", "{AF9F75FB-EDE9-488C-8B28-5031E563AC6C}"
	ProjectSection(ProjectDependencies) = postProject
		{5E38D979-ADF8-4D9D-9A06-0B6C6282B205} = {5E38D979-ADF8-4D9D-9A06-0B6C6282B205}
	EndProjectSection
EndProject
Project("{8BC9CEB8-8B4A-11D0-8D11-00A0C91BC942}") = "BulletMultiThreaded", "src\BulletMultiThreaded\BulletMultiThreaded.vcproj", "{D014C179-2127-4B61-87B7-BA791CC56AB1}"
	ProjectSection(ProjectDependencies) = postProject
		{5E38D979-ADF8-4D9D-9A06-0B6C6282B205} = {5E38D979-ADF8-4D9D-9A06-0B6C6282B205}
	EndProjectSection
EndProject
Project("{8BC9CEB8-8B4A-11D0-8D11-00A0C91BC942}") = "BulletSoftBody", "src\BulletSoftBody\BulletSoftBody.vcproj", "{68F17AB3-3CCF-437C-9E87-7DA437984A6E}"
	ProjectSection(ProjectDependencies) = postProject
		{5E38D979-ADF8-4D9D-9A06-0B6C6282B205} = {5E38D979-ADF8-4D9D-9A06-0B6C6282B205}
	EndProjectSection
EndProject
Project("{8BC9CEB8-8B4A-11D0-8D11-00A0C91BC942}") = "BulletSoftBodySolvers_CPU", "src\BulletMultiThreaded\GpuSoftBodySolvers\CPU\BulletSoftBodySolvers_CPU.vcproj", "{142996B5-6BBA-40A4-A425-176DF8D29490}"
	ProjectSection(ProjectDependencies) = postProject
		{5E38D979-ADF8-4D9D-9A06-0B6C6282B205} = {5E38D979-ADF8-4D9D-9A06-0B6C6282B205}
	EndProjectSection
EndProject
Project("{8BC9CEB8-8B4A-11D0-8D11-00A0C91BC942}") = "BulletSoftBodySolvers_OpenCL_Mini", "src\BulletMultiThreaded\GpuSoftBodySolvers\OpenCL\MiniCL\BulletSoftBodySolvers_OpenCL_Mini.vcproj", "{EF9CF9BD-EF39-45A8-B05D-34D266E09FC8}"
	ProjectSection(ProjectDependencies) = postProject
		{5E38D979-ADF8-4D9D-9A06-0B6C6282B205} = {5E38D979-ADF8-4D9D-9A06-0B6C6282B205}
	EndProjectSection
EndProject
Project("{8BC9CEB8-8B4A-11D0-8D11-00A0C91BC942}") = "BulletWorldImporter", "Extras\Serialize\BulletWorldImporter\BulletWorldImporter.vcproj", "{750C3B9D-BE7C-463F-84E8-9FB63CD3AA56}"
	ProjectSection(ProjectDependencies) = postProject
		{5E38D979-ADF8-4D9D-9A06-0B6C6282B205} = {5E38D979-ADF8-4D9D-9A06-0B6C6282B205}
	EndProjectSection
EndProject
Project("{8BC9CEB8-8B4A-11D0-8D11-00A0C91BC942}") = "ConvexDecomposition", "Extras\ConvexDecomposition\ConvexDecomposition.vcproj", "{FE981774-4674-4D80-BA8D-95B7536295C7}"
	ProjectSection(ProjectDependencies) = postProject
		{5E38D979-ADF8-4D9D-9A06-0B6C6282B205} = {5E38D979-ADF8-4D9D-9A06-0B6C6282B205}
	EndProjectSection
EndProject
Project("{8BC9CEB8-8B4A-11D0-8D11-00A0C91BC942}") = "GIMPACTUtils", "Extras\GIMPACTUtils\GIMPACTUtils.vcproj", "{65F66EA4-4B48-45D7-95A6-B4D1DF68C83B}"
	ProjectSection(ProjectDependencies) = postProject
		{5E38D979-ADF8-4D9D-9A06-0B6C6282B205} = {5E38D979-ADF8-4D9D-9A06-0B6C6282B205}
	EndProjectSection
EndProject
Project("{8BC9CEB8-8B4A-11D0-8D11-00A0C91BC942}") = "GLUI", "Extras\glui\GLUI.vcproj", "{078580D3-9DA2-4A0A-A9E6-467F32D816D5}"
	ProjectSection(ProjectDependencies) = postProject
		{5E38D979-ADF8-4D9D-9A06-0B6C6282B205} = {5E38D979-ADF8-4D9D-9A06-0B6C6282B205}
	EndProjectSection
EndProject
Project("{8BC9CEB8-8B4A-11D0-8D11-00A0C91BC942}") = "HfFluidDemo", "Demos\HeightFieldFluidDemo\HfFluidDemo.vcproj", "{5025C591-6770-4D3A-B8E3-78A0D1B775C1}"
	ProjectSection(ProjectDependencies) = postProject
		{86865606-958C-4F7A-8EF6-08AB420D57B1} = {86865606-958C-4F7A-8EF6-08AB420D57B1}
		{B199555A-146B-40E9-A4F9-79BC207BA476} = {B199555A-146B-40E9-A4F9-79BC207BA476}
		{5CA9C336-AF67-45C1-BB81-ADD360D382A4} = {5CA9C336-AF67-45C1-BB81-ADD360D382A4}
		{49081B43-D984-43AF-AAE6-DC6A27C54B75} = {49081B43-D984-43AF-AAE6-DC6A27C54B75}
		{5E38D979-ADF8-4D9D-9A06-0B6C6282B205} = {5E38D979-ADF8-4D9D-9A06-0B6C6282B205}
	EndProjectSection
EndProject
Project("{8BC9CEB8-8B4A-11D0-8D11-00A0C91BC942}") = "LinearMath", "src\LinearMath\LinearMath.vcproj", "{5CA9C336-AF67-45C1-BB81-ADD360D382A4}"
	ProjectSection(ProjectDependencies) = postProject
		{5E38D979-ADF8-4D9D-9A06-0B6C6282B205} = {5E38D979-ADF8-4D9D-9A06-0B6C6282B205}
	EndProjectSection
EndProject
Project("{8BC9CEB8-8B4A-11D0-8D11-00A0C91BC942}") = "MiniCL", "src\MiniCL\MiniCL.vcproj", "{C859DCF2-542F-43D0-8B68-1EA1B84FEC60}"
	ProjectSection(ProjectDependencies) = postProject
		{5E38D979-ADF8-4D9D-9A06-0B6C6282B205} = {5E38D979-ADF8-4D9D-9A06-0B6C6282B205}
	EndProjectSection
EndProject
Project("{8BC9CEB8-8B4A-11D0-8D11-00A0C91BC942}") = "OpenGLSupport", "Demos\OpenGL\OpenGLSupport.vcproj", "{49081B43-D984-43AF-AAE6-DC6A27C54B75}"
	ProjectSection(ProjectDependencies) = postProject
		{5E38D979-ADF8-4D9D-9A06-0B6C6282B205} = {5E38D979-ADF8-4D9D-9A06-0B6C6282B205}
	EndProjectSection
EndProject
Project("{8BC9CEB8-8B4A-11D0-8D11-00A0C91BC942}") = "ZERO_CHECK", "ZERO_CHECK.vcproj", "{5E38D979-ADF8-4D9D-9A06-0B6C6282B205}"
	ProjectSection(ProjectDependencies) = postProject
	EndProjectSection
EndProject
Global
	GlobalSection(SolutionConfigurationPlatforms) = preSolution
		Debug|Win32 = Debug|Win32
		Release|Win32 = Release|Win32
		MinSizeRel|Win32 = MinSizeRel|Win32
		RelWithDebInfo|Win32 = RelWithDebInfo|Win32
	EndGlobalSection
	GlobalSection(ProjectConfigurationPlatforms) = postSolution
		{D852D20A-DE18-4ECF-A649-D70514C52D45}.Debug|Win32.ActiveCfg = Debug|Win32
		{D852D20A-DE18-4ECF-A649-D70514C52D45}.Release|Win32.ActiveCfg = Release|Win32
		{D852D20A-DE18-4ECF-A649-D70514C52D45}.MinSizeRel|Win32.ActiveCfg = MinSizeRel|Win32
		{D852D20A-DE18-4ECF-A649-D70514C52D45}.RelWithDebInfo|Win32.ActiveCfg = RelWithDebInfo|Win32
		{9D4BA547-2230-41BA-9462-A34CD472F883}.Debug|Win32.ActiveCfg = Debug|Win32
		{9D4BA547-2230-41BA-9462-A34CD472F883}.Debug|Win32.Build.0 = Debug|Win32
		{9D4BA547-2230-41BA-9462-A34CD472F883}.Release|Win32.ActiveCfg = Release|Win32
		{9D4BA547-2230-41BA-9462-A34CD472F883}.Release|Win32.Build.0 = Release|Win32
		{9D4BA547-2230-41BA-9462-A34CD472F883}.MinSizeRel|Win32.ActiveCfg = MinSizeRel|Win32
		{9D4BA547-2230-41BA-9462-A34CD472F883}.MinSizeRel|Win32.Build.0 = MinSizeRel|Win32
		{9D4BA547-2230-41BA-9462-A34CD472F883}.RelWithDebInfo|Win32.ActiveCfg = RelWithDebInfo|Win32
		{9D4BA547-2230-41BA-9462-A34CD472F883}.RelWithDebInfo|Win32.Build.0 = RelWithDebInfo|Win32
		{0D84D1CF-CE8F-4DFC-A11F-7E577360B248}.Debug|Win32.ActiveCfg = Debug|Win32
		{0D84D1CF-CE8F-4DFC-A11F-7E577360B248}.Debug|Win32.Build.0 = Debug|Win32
		{0D84D1CF-CE8F-4DFC-A11F-7E577360B248}.Release|Win32.ActiveCfg = Release|Win32
		{0D84D1CF-CE8F-4DFC-A11F-7E577360B248}.Release|Win32.Build.0 = Release|Win32
		{0D84D1CF-CE8F-4DFC-A11F-7E577360B248}.MinSizeRel|Win32.ActiveCfg = MinSizeRel|Win32
		{0D84D1CF-CE8F-4DFC-A11F-7E577360B248}.MinSizeRel|Win32.Build.0 = MinSizeRel|Win32
		{0D84D1CF-CE8F-4DFC-A11F-7E577360B248}.RelWithDebInfo|Win32.ActiveCfg = RelWithDebInfo|Win32
		{0D84D1CF-CE8F-4DFC-A11F-7E577360B248}.RelWithDebInfo|Win32.Build.0 = RelWithDebInfo|Win32
		{FC7E7069-AE81-4175-B8D7-974BE915A46E}.Debug|Win32.ActiveCfg = Debug|Win32
		{FC7E7069-AE81-4175-B8D7-974BE915A46E}.Debug|Win32.Build.0 = Debug|Win32
		{FC7E7069-AE81-4175-B8D7-974BE915A46E}.Release|Win32.ActiveCfg = Release|Win32
		{FC7E7069-AE81-4175-B8D7-974BE915A46E}.Release|Win32.Build.0 = Release|Win32
		{FC7E7069-AE81-4175-B8D7-974BE915A46E}.MinSizeRel|Win32.ActiveCfg = MinSizeRel|Win32
		{FC7E7069-AE81-4175-B8D7-974BE915A46E}.MinSizeRel|Win32.Build.0 = MinSizeRel|Win32
		{FC7E7069-AE81-4175-B8D7-974BE915A46E}.RelWithDebInfo|Win32.ActiveCfg = RelWithDebInfo|Win32
		{FC7E7069-AE81-4175-B8D7-974BE915A46E}.RelWithDebInfo|Win32.Build.0 = RelWithDebInfo|Win32
		{66D3E570-C112-4C88-84BC-606A3156BFA2}.Debug|Win32.ActiveCfg = Debug|Win32
		{66D3E570-C112-4C88-84BC-606A3156BFA2}.Debug|Win32.Build.0 = Debug|Win32
		{66D3E570-C112-4C88-84BC-606A3156BFA2}.Release|Win32.ActiveCfg = Release|Win32
		{66D3E570-C112-4C88-84BC-606A3156BFA2}.Release|Win32.Build.0 = Release|Win32
		{66D3E570-C112-4C88-84BC-606A3156BFA2}.MinSizeRel|Win32.ActiveCfg = MinSizeRel|Win32
		{66D3E570-C112-4C88-84BC-606A3156BFA2}.MinSizeRel|Win32.Build.0 = MinSizeRel|Win32
		{66D3E570-C112-4C88-84BC-606A3156BFA2}.RelWithDebInfo|Win32.ActiveCfg = RelWithDebInfo|Win32
		{66D3E570-C112-4C88-84BC-606A3156BFA2}.RelWithDebInfo|Win32.Build.0 = RelWithDebInfo|Win32
		{F5CCC108-1AFA-4F53-8054-E92C74B91CE8}.Debug|Win32.ActiveCfg = Debug|Win32
		{F5CCC108-1AFA-4F53-8054-E92C74B91CE8}.Debug|Win32.Build.0 = Debug|Win32
		{F5CCC108-1AFA-4F53-8054-E92C74B91CE8}.Release|Win32.ActiveCfg = Release|Win32
		{F5CCC108-1AFA-4F53-8054-E92C74B91CE8}.Release|Win32.Build.0 = Release|Win32
		{F5CCC108-1AFA-4F53-8054-E92C74B91CE8}.MinSizeRel|Win32.ActiveCfg = MinSizeRel|Win32
		{F5CCC108-1AFA-4F53-8054-E92C74B91CE8}.MinSizeRel|Win32.Build.0 = MinSizeRel|Win32
		{F5CCC108-1AFA-4F53-8054-E92C74B91CE8}.RelWithDebInfo|Win32.ActiveCfg = RelWithDebInfo|Win32
		{F5CCC108-1AFA-4F53-8054-E92C74B91CE8}.RelWithDebInfo|Win32.Build.0 = RelWithDebInfo|Win32
		{C758F8C6-160A-4F3B-81BB-80CAC9C87364}.Debug|Win32.ActiveCfg = Debug|Win32
		{C758F8C6-160A-4F3B-81BB-80CAC9C87364}.Debug|Win32.Build.0 = Debug|Win32
		{C758F8C6-160A-4F3B-81BB-80CAC9C87364}.Release|Win32.ActiveCfg = Release|Win32
		{C758F8C6-160A-4F3B-81BB-80CAC9C87364}.Release|Win32.Build.0 = Release|Win32
		{C758F8C6-160A-4F3B-81BB-80CAC9C87364}.MinSizeRel|Win32.ActiveCfg = MinSizeRel|Win32
		{C758F8C6-160A-4F3B-81BB-80CAC9C87364}.MinSizeRel|Win32.Build.0 = MinSizeRel|Win32
		{C758F8C6-160A-4F3B-81BB-80CAC9C87364}.RelWithDebInfo|Win32.ActiveCfg = RelWithDebInfo|Win32
		{C758F8C6-160A-4F3B-81BB-80CAC9C87364}.RelWithDebInfo|Win32.Build.0 = RelWithDebInfo|Win32
		{C78C27D5-C873-476B-990A-CE3697057DCF}.Debug|Win32.ActiveCfg = Debug|Win32
		{C78C27D5-C873-476B-990A-CE3697057DCF}.Debug|Win32.Build.0 = Debug|Win32
		{C78C27D5-C873-476B-990A-CE3697057DCF}.Release|Win32.ActiveCfg = Release|Win32
		{C78C27D5-C873-476B-990A-CE3697057DCF}.Release|Win32.Build.0 = Release|Win32
		{C78C27D5-C873-476B-990A-CE3697057DCF}.MinSizeRel|Win32.ActiveCfg = MinSizeRel|Win32
		{C78C27D5-C873-476B-990A-CE3697057DCF}.MinSizeRel|Win32.Build.0 = MinSizeRel|Win32
		{C78C27D5-C873-476B-990A-CE3697057DCF}.RelWithDebInfo|Win32.ActiveCfg = RelWithDebInfo|Win32
		{C78C27D5-C873-476B-990A-CE3697057DCF}.RelWithDebInfo|Win32.Build.0 = RelWithDebInfo|Win32
		{4F155469-0210-4E76-A42F-3A3813FB3CE5}.Debug|Win32.ActiveCfg = Debug|Win32
		{4F155469-0210-4E76-A42F-3A3813FB3CE5}.Debug|Win32.Build.0 = Debug|Win32
		{4F155469-0210-4E76-A42F-3A3813FB3CE5}.Release|Win32.ActiveCfg = Release|Win32
		{4F155469-0210-4E76-A42F-3A3813FB3CE5}.Release|Win32.Build.0 = Release|Win32
		{4F155469-0210-4E76-A42F-3A3813FB3CE5}.MinSizeRel|Win32.ActiveCfg = MinSizeRel|Win32
		{4F155469-0210-4E76-A42F-3A3813FB3CE5}.MinSizeRel|Win32.Build.0 = MinSizeRel|Win32
		{4F155469-0210-4E76-A42F-3A3813FB3CE5}.RelWithDebInfo|Win32.ActiveCfg = RelWithDebInfo|Win32
		{4F155469-0210-4E76-A42F-3A3813FB3CE5}.RelWithDebInfo|Win32.Build.0 = RelWithDebInfo|Win32
		{BBEC3A65-9670-4396-A880-BAD59FCE4AA7}.Debug|Win32.ActiveCfg = Debug|Win32
		{BBEC3A65-9670-4396-A880-BAD59FCE4AA7}.Debug|Win32.Build.0 = Debug|Win32
		{BBEC3A65-9670-4396-A880-BAD59FCE4AA7}.Release|Win32.ActiveCfg = Release|Win32
		{BBEC3A65-9670-4396-A880-BAD59FCE4AA7}.Release|Win32.Build.0 = Release|Win32
		{BBEC3A65-9670-4396-A880-BAD59FCE4AA7}.MinSizeRel|Win32.ActiveCfg = MinSizeRel|Win32
		{BBEC3A65-9670-4396-A880-BAD59FCE4AA7}.MinSizeRel|Win32.Build.0 = MinSizeRel|Win32
		{BBEC3A65-9670-4396-A880-BAD59FCE4AA7}.RelWithDebInfo|Win32.ActiveCfg = RelWithDebInfo|Win32
		{BBEC3A65-9670-4396-A880-BAD59FCE4AA7}.RelWithDebInfo|Win32.Build.0 = RelWithDebInfo|Win32
		{2B249C9D-9B45-4149-A22B-C6115648C8E9}.Debug|Win32.ActiveCfg = Debug|Win32
		{2B249C9D-9B45-4149-A22B-C6115648C8E9}.Debug|Win32.Build.0 = Debug|Win32
		{2B249C9D-9B45-4149-A22B-C6115648C8E9}.Release|Win32.ActiveCfg = Release|Win32
		{2B249C9D-9B45-4149-A22B-C6115648C8E9}.Release|Win32.Build.0 = Release|Win32
		{2B249C9D-9B45-4149-A22B-C6115648C8E9}.MinSizeRel|Win32.ActiveCfg = MinSizeRel|Win32
		{2B249C9D-9B45-4149-A22B-C6115648C8E9}.MinSizeRel|Win32.Build.0 = MinSizeRel|Win32
		{2B249C9D-9B45-4149-A22B-C6115648C8E9}.RelWithDebInfo|Win32.ActiveCfg = RelWithDebInfo|Win32
		{2B249C9D-9B45-4149-A22B-C6115648C8E9}.RelWithDebInfo|Win32.Build.0 = RelWithDebInfo|Win32
		{0F02D790-D267-4091-A3B5-70075EB125BA}.Debug|Win32.ActiveCfg = Debug|Win32
		{0F02D790-D267-4091-A3B5-70075EB125BA}.Debug|Win32.Build.0 = Debug|Win32
		{0F02D790-D267-4091-A3B5-70075EB125BA}.Release|Win32.ActiveCfg = Release|Win32
		{0F02D790-D267-4091-A3B5-70075EB125BA}.Release|Win32.Build.0 = Release|Win32
		{0F02D790-D267-4091-A3B5-70075EB125BA}.MinSizeRel|Win32.ActiveCfg = MinSizeRel|Win32
		{0F02D790-D267-4091-A3B5-70075EB125BA}.MinSizeRel|Win32.Build.0 = MinSizeRel|Win32
		{0F02D790-D267-4091-A3B5-70075EB125BA}.RelWithDebInfo|Win32.ActiveCfg = RelWithDebInfo|Win32
		{0F02D790-D267-4091-A3B5-70075EB125BA}.RelWithDebInfo|Win32.Build.0 = RelWithDebInfo|Win32
		{E192E374-B13C-450D-A979-3C504FCEC949}.Debug|Win32.ActiveCfg = Debug|Win32
		{E192E374-B13C-450D-A979-3C504FCEC949}.Debug|Win32.Build.0 = Debug|Win32
		{E192E374-B13C-450D-A979-3C504FCEC949}.Release|Win32.ActiveCfg = Release|Win32
		{E192E374-B13C-450D-A979-3C504FCEC949}.Release|Win32.Build.0 = Release|Win32
		{E192E374-B13C-450D-A979-3C504FCEC949}.MinSizeRel|Win32.ActiveCfg = MinSizeRel|Win32
		{E192E374-B13C-450D-A979-3C504FCEC949}.MinSizeRel|Win32.Build.0 = MinSizeRel|Win32
		{E192E374-B13C-450D-A979-3C504FCEC949}.RelWithDebInfo|Win32.ActiveCfg = RelWithDebInfo|Win32
		{E192E374-B13C-450D-A979-3C504FCEC949}.RelWithDebInfo|Win32.Build.0 = RelWithDebInfo|Win32
		{F39A05B8-AE4A-4483-839F-7DB0AB03A5FE}.Debug|Win32.ActiveCfg = Debug|Win32
		{F39A05B8-AE4A-4483-839F-7DB0AB03A5FE}.Debug|Win32.Build.0 = Debug|Win32
		{F39A05B8-AE4A-4483-839F-7DB0AB03A5FE}.Release|Win32.ActiveCfg = Release|Win32
		{F39A05B8-AE4A-4483-839F-7DB0AB03A5FE}.Release|Win32.Build.0 = Release|Win32
		{F39A05B8-AE4A-4483-839F-7DB0AB03A5FE}.MinSizeRel|Win32.ActiveCfg = MinSizeRel|Win32
		{F39A05B8-AE4A-4483-839F-7DB0AB03A5FE}.MinSizeRel|Win32.Build.0 = MinSizeRel|Win32
		{F39A05B8-AE4A-4483-839F-7DB0AB03A5FE}.RelWithDebInfo|Win32.ActiveCfg = RelWithDebInfo|Win32
		{F39A05B8-AE4A-4483-839F-7DB0AB03A5FE}.RelWithDebInfo|Win32.Build.0 = RelWithDebInfo|Win32
		{15BC9EE6-D2F6-4022-859B-DB2AD87E7F74}.Debug|Win32.ActiveCfg = Debug|Win32
		{15BC9EE6-D2F6-4022-859B-DB2AD87E7F74}.Debug|Win32.Build.0 = Debug|Win32
		{15BC9EE6-D2F6-4022-859B-DB2AD87E7F74}.Release|Win32.ActiveCfg = Release|Win32
		{15BC9EE6-D2F6-4022-859B-DB2AD87E7F74}.Release|Win32.Build.0 = Release|Win32
		{15BC9EE6-D2F6-4022-859B-DB2AD87E7F74}.MinSizeRel|Win32.ActiveCfg = MinSizeRel|Win32
		{15BC9EE6-D2F6-4022-859B-DB2AD87E7F74}.MinSizeRel|Win32.Build.0 = MinSizeRel|Win32
		{15BC9EE6-D2F6-4022-859B-DB2AD87E7F74}.RelWithDebInfo|Win32.ActiveCfg = RelWithDebInfo|Win32
		{15BC9EE6-D2F6-4022-859B-DB2AD87E7F74}.RelWithDebInfo|Win32.Build.0 = RelWithDebInfo|Win32
		{1921DD95-A89C-4854-81CD-F20F20B3BE57}.Debug|Win32.ActiveCfg = Debug|Win32
		{1921DD95-A89C-4854-81CD-F20F20B3BE57}.Debug|Win32.Build.0 = Debug|Win32
		{1921DD95-A89C-4854-81CD-F20F20B3BE57}.Release|Win32.ActiveCfg = Release|Win32
		{1921DD95-A89C-4854-81CD-F20F20B3BE57}.Release|Win32.Build.0 = Release|Win32
		{1921DD95-A89C-4854-81CD-F20F20B3BE57}.MinSizeRel|Win32.ActiveCfg = MinSizeRel|Win32
		{1921DD95-A89C-4854-81CD-F20F20B3BE57}.MinSizeRel|Win32.Build.0 = MinSizeRel|Win32
		{1921DD95-A89C-4854-81CD-F20F20B3BE57}.RelWithDebInfo|Win32.ActiveCfg = RelWithDebInfo|Win32
		{1921DD95-A89C-4854-81CD-F20F20B3BE57}.RelWithDebInfo|Win32.Build.0 = RelWithDebInfo|Win32
		{3C058E61-C13D-42F5-9035-9AC45EB9B996}.Debug|Win32.ActiveCfg = Debug|Win32
		{3C058E61-C13D-42F5-9035-9AC45EB9B996}.Debug|Win32.Build.0 = Debug|Win32
		{3C058E61-C13D-42F5-9035-9AC45EB9B996}.Release|Win32.ActiveCfg = Release|Win32
		{3C058E61-C13D-42F5-9035-9AC45EB9B996}.Release|Win32.Build.0 = Release|Win32
		{3C058E61-C13D-42F5-9035-9AC45EB9B996}.MinSizeRel|Win32.ActiveCfg = MinSizeRel|Win32
		{3C058E61-C13D-42F5-9035-9AC45EB9B996}.MinSizeRel|Win32.Build.0 = MinSizeRel|Win32
		{3C058E61-C13D-42F5-9035-9AC45EB9B996}.RelWithDebInfo|Win32.ActiveCfg = RelWithDebInfo|Win32
		{3C058E61-C13D-42F5-9035-9AC45EB9B996}.RelWithDebInfo|Win32.Build.0 = RelWithDebInfo|Win32
		{FA32A830-4947-4EA6-946E-902D0D12419F}.Debug|Win32.ActiveCfg = Debug|Win32
		{FA32A830-4947-4EA6-946E-902D0D12419F}.Debug|Win32.Build.0 = Debug|Win32
		{FA32A830-4947-4EA6-946E-902D0D12419F}.Release|Win32.ActiveCfg = Release|Win32
		{FA32A830-4947-4EA6-946E-902D0D12419F}.Release|Win32.Build.0 = Release|Win32
		{FA32A830-4947-4EA6-946E-902D0D12419F}.MinSizeRel|Win32.ActiveCfg = MinSizeRel|Win32
		{FA32A830-4947-4EA6-946E-902D0D12419F}.MinSizeRel|Win32.Build.0 = MinSizeRel|Win32
		{FA32A830-4947-4EA6-946E-902D0D12419F}.RelWithDebInfo|Win32.ActiveCfg = RelWithDebInfo|Win32
		{FA32A830-4947-4EA6-946E-902D0D12419F}.RelWithDebInfo|Win32.Build.0 = RelWithDebInfo|Win32
		{F83EB44A-F704-4BC4-B3B9-70062A19A1FE}.Debug|Win32.ActiveCfg = Debug|Win32
		{F83EB44A-F704-4BC4-B3B9-70062A19A1FE}.Debug|Win32.Build.0 = Debug|Win32
		{F83EB44A-F704-4BC4-B3B9-70062A19A1FE}.Release|Win32.ActiveCfg = Release|Win32
		{F83EB44A-F704-4BC4-B3B9-70062A19A1FE}.Release|Win32.Build.0 = Release|Win32
		{F83EB44A-F704-4BC4-B3B9-70062A19A1FE}.MinSizeRel|Win32.ActiveCfg = MinSizeRel|Win32
		{F83EB44A-F704-4BC4-B3B9-70062A19A1FE}.MinSizeRel|Win32.Build.0 = MinSizeRel|Win32
		{F83EB44A-F704-4BC4-B3B9-70062A19A1FE}.RelWithDebInfo|Win32.ActiveCfg = RelWithDebInfo|Win32
		{F83EB44A-F704-4BC4-B3B9-70062A19A1FE}.RelWithDebInfo|Win32.Build.0 = RelWithDebInfo|Win32
		{2EFB79BF-660A-4377-8D49-70AB2F5CA416}.Debug|Win32.ActiveCfg = Debug|Win32
		{2EFB79BF-660A-4377-8D49-70AB2F5CA416}.Debug|Win32.Build.0 = Debug|Win32
		{2EFB79BF-660A-4377-8D49-70AB2F5CA416}.Release|Win32.ActiveCfg = Release|Win32
		{2EFB79BF-660A-4377-8D49-70AB2F5CA416}.Release|Win32.Build.0 = Release|Win32
		{2EFB79BF-660A-4377-8D49-70AB2F5CA416}.MinSizeRel|Win32.ActiveCfg = MinSizeRel|Win32
		{2EFB79BF-660A-4377-8D49-70AB2F5CA416}.MinSizeRel|Win32.Build.0 = MinSizeRel|Win32
		{2EFB79BF-660A-4377-8D49-70AB2F5CA416}.RelWithDebInfo|Win32.ActiveCfg = RelWithDebInfo|Win32
		{2EFB79BF-660A-4377-8D49-70AB2F5CA416}.RelWithDebInfo|Win32.Build.0 = RelWithDebInfo|Win32
		{98B9E6A2-1544-4A28-87BB-3BF080E84B97}.Debug|Win32.ActiveCfg = Debug|Win32
		{98B9E6A2-1544-4A28-87BB-3BF080E84B97}.Debug|Win32.Build.0 = Debug|Win32
		{98B9E6A2-1544-4A28-87BB-3BF080E84B97}.Release|Win32.ActiveCfg = Release|Win32
		{98B9E6A2-1544-4A28-87BB-3BF080E84B97}.Release|Win32.Build.0 = Release|Win32
		{98B9E6A2-1544-4A28-87BB-3BF080E84B97}.MinSizeRel|Win32.ActiveCfg = MinSizeRel|Win32
		{98B9E6A2-1544-4A28-87BB-3BF080E84B97}.MinSizeRel|Win32.Build.0 = MinSizeRel|Win32
		{98B9E6A2-1544-4A28-87BB-3BF080E84B97}.RelWithDebInfo|Win32.ActiveCfg = RelWithDebInfo|Win32
		{98B9E6A2-1544-4A28-87BB-3BF080E84B97}.RelWithDebInfo|Win32.Build.0 = RelWithDebInfo|Win32
		{B2692305-24BA-4A63-8229-31372379BBC4}.Debug|Win32.ActiveCfg = Debug|Win32
		{B2692305-24BA-4A63-8229-31372379BBC4}.Debug|Win32.Build.0 = Debug|Win32
		{B2692305-24BA-4A63-8229-31372379BBC4}.Release|Win32.ActiveCfg = Release|Win32
		{B2692305-24BA-4A63-8229-31372379BBC4}.Release|Win32.Build.0 = Release|Win32
		{B2692305-24BA-4A63-8229-31372379BBC4}.MinSizeRel|Win32.ActiveCfg = MinSizeRel|Win32
		{B2692305-24BA-4A63-8229-31372379BBC4}.MinSizeRel|Win32.Build.0 = MinSizeRel|Win32
		{B2692305-24BA-4A63-8229-31372379BBC4}.RelWithDebInfo|Win32.ActiveCfg = RelWithDebInfo|Win32
		{B2692305-24BA-4A63-8229-31372379BBC4}.RelWithDebInfo|Win32.Build.0 = RelWithDebInfo|Win32
		{D7BB247E-63BC-4DB8-A6B1-BE6E045D8BD9}.Debug|Win32.ActiveCfg = Debug|Win32
		{D7BB247E-63BC-4DB8-A6B1-BE6E045D8BD9}.Debug|Win32.Build.0 = Debug|Win32
		{D7BB247E-63BC-4DB8-A6B1-BE6E045D8BD9}.Release|Win32.ActiveCfg = Release|Win32
		{D7BB247E-63BC-4DB8-A6B1-BE6E045D8BD9}.Release|Win32.Build.0 = Release|Win32
		{D7BB247E-63BC-4DB8-A6B1-BE6E045D8BD9}.MinSizeRel|Win32.ActiveCfg = MinSizeRel|Win32
		{D7BB247E-63BC-4DB8-A6B1-BE6E045D8BD9}.MinSizeRel|Win32.Build.0 = MinSizeRel|Win32
		{D7BB247E-63BC-4DB8-A6B1-BE6E045D8BD9}.RelWithDebInfo|Win32.ActiveCfg = RelWithDebInfo|Win32
		{D7BB247E-63BC-4DB8-A6B1-BE6E045D8BD9}.RelWithDebInfo|Win32.Build.0 = RelWithDebInfo|Win32
		{F1CC4314-BAE0-470A-AB93-55F0B1449B02}.Debug|Win32.ActiveCfg = Debug|Win32
		{F1CC4314-BAE0-470A-AB93-55F0B1449B02}.Debug|Win32.Build.0 = Debug|Win32
		{F1CC4314-BAE0-470A-AB93-55F0B1449B02}.Release|Win32.ActiveCfg = Release|Win32
		{F1CC4314-BAE0-470A-AB93-55F0B1449B02}.Release|Win32.Build.0 = Release|Win32
		{F1CC4314-BAE0-470A-AB93-55F0B1449B02}.MinSizeRel|Win32.ActiveCfg = MinSizeRel|Win32
		{F1CC4314-BAE0-470A-AB93-55F0B1449B02}.MinSizeRel|Win32.Build.0 = MinSizeRel|Win32
		{F1CC4314-BAE0-470A-AB93-55F0B1449B02}.RelWithDebInfo|Win32.ActiveCfg = RelWithDebInfo|Win32
		{F1CC4314-BAE0-470A-AB93-55F0B1449B02}.RelWithDebInfo|Win32.Build.0 = RelWithDebInfo|Win32
		{E07B5C7E-1630-4600-B164-0FA199B30078}.Debug|Win32.ActiveCfg = Debug|Win32
		{E07B5C7E-1630-4600-B164-0FA199B30078}.Debug|Win32.Build.0 = Debug|Win32
		{E07B5C7E-1630-4600-B164-0FA199B30078}.Release|Win32.ActiveCfg = Release|Win32
		{E07B5C7E-1630-4600-B164-0FA199B30078}.Release|Win32.Build.0 = Release|Win32
		{E07B5C7E-1630-4600-B164-0FA199B30078}.MinSizeRel|Win32.ActiveCfg = MinSizeRel|Win32
		{E07B5C7E-1630-4600-B164-0FA199B30078}.MinSizeRel|Win32.Build.0 = MinSizeRel|Win32
		{E07B5C7E-1630-4600-B164-0FA199B30078}.RelWithDebInfo|Win32.ActiveCfg = RelWithDebInfo|Win32
		{E07B5C7E-1630-4600-B164-0FA199B30078}.RelWithDebInfo|Win32.Build.0 = RelWithDebInfo|Win32
		{71518619-3C30-4C57-8495-B4E5FDEB4072}.Debug|Win32.ActiveCfg = Debug|Win32
		{71518619-3C30-4C57-8495-B4E5FDEB4072}.Debug|Win32.Build.0 = Debug|Win32
		{71518619-3C30-4C57-8495-B4E5FDEB4072}.Release|Win32.ActiveCfg = Release|Win32
		{71518619-3C30-4C57-8495-B4E5FDEB4072}.Release|Win32.Build.0 = Release|Win32
		{71518619-3C30-4C57-8495-B4E5FDEB4072}.MinSizeRel|Win32.ActiveCfg = MinSizeRel|Win32
		{71518619-3C30-4C57-8495-B4E5FDEB4072}.MinSizeRel|Win32.Build.0 = MinSizeRel|Win32
		{71518619-3C30-4C57-8495-B4E5FDEB4072}.RelWithDebInfo|Win32.ActiveCfg = RelWithDebInfo|Win32
		{71518619-3C30-4C57-8495-B4E5FDEB4072}.RelWithDebInfo|Win32.Build.0 = RelWithDebInfo|Win32
		{2CCE84CC-A8BD-47B0-A3BB-642A594F288B}.Debug|Win32.ActiveCfg = Debug|Win32
		{2CCE84CC-A8BD-47B0-A3BB-642A594F288B}.Debug|Win32.Build.0 = Debug|Win32
		{2CCE84CC-A8BD-47B0-A3BB-642A594F288B}.Release|Win32.ActiveCfg = Release|Win32
		{2CCE84CC-A8BD-47B0-A3BB-642A594F288B}.Release|Win32.Build.0 = Release|Win32
		{2CCE84CC-A8BD-47B0-A3BB-642A594F288B}.MinSizeRel|Win32.ActiveCfg = MinSizeRel|Win32
		{2CCE84CC-A8BD-47B0-A3BB-642A594F288B}.MinSizeRel|Win32.Build.0 = MinSizeRel|Win32
		{2CCE84CC-A8BD-47B0-A3BB-642A594F288B}.RelWithDebInfo|Win32.ActiveCfg = RelWithDebInfo|Win32
		{2CCE84CC-A8BD-47B0-A3BB-642A594F288B}.RelWithDebInfo|Win32.Build.0 = RelWithDebInfo|Win32
		{FB298ACE-256B-44D3-BB0C-396281A03A76}.Debug|Win32.ActiveCfg = Debug|Win32
		{FB298ACE-256B-44D3-BB0C-396281A03A76}.Debug|Win32.Build.0 = Debug|Win32
		{FB298ACE-256B-44D3-BB0C-396281A03A76}.Release|Win32.ActiveCfg = Release|Win32
		{FB298ACE-256B-44D3-BB0C-396281A03A76}.Release|Win32.Build.0 = Release|Win32
		{FB298ACE-256B-44D3-BB0C-396281A03A76}.MinSizeRel|Win32.ActiveCfg = MinSizeRel|Win32
		{FB298ACE-256B-44D3-BB0C-396281A03A76}.MinSizeRel|Win32.Build.0 = MinSizeRel|Win32
		{FB298ACE-256B-44D3-BB0C-396281A03A76}.RelWithDebInfo|Win32.ActiveCfg = RelWithDebInfo|Win32
		{FB298ACE-256B-44D3-BB0C-396281A03A76}.RelWithDebInfo|Win32.Build.0 = RelWithDebInfo|Win32
		{84450370-195C-42B4-AE29-292C6702AF3F}.Debug|Win32.ActiveCfg = Debug|Win32
		{84450370-195C-42B4-AE29-292C6702AF3F}.Debug|Win32.Build.0 = Debug|Win32
		{84450370-195C-42B4-AE29-292C6702AF3F}.Release|Win32.ActiveCfg = Release|Win32
		{84450370-195C-42B4-AE29-292C6702AF3F}.Release|Win32.Build.0 = Release|Win32
		{84450370-195C-42B4-AE29-292C6702AF3F}.MinSizeRel|Win32.ActiveCfg = MinSizeRel|Win32
		{84450370-195C-42B4-AE29-292C6702AF3F}.MinSizeRel|Win32.Build.0 = MinSizeRel|Win32
		{84450370-195C-42B4-AE29-292C6702AF3F}.RelWithDebInfo|Win32.ActiveCfg = RelWithDebInfo|Win32
		{84450370-195C-42B4-AE29-292C6702AF3F}.RelWithDebInfo|Win32.Build.0 = RelWithDebInfo|Win32
		{36B94A67-2967-43E6-B9D4-995A19DFCEAA}.Debug|Win32.ActiveCfg = Debug|Win32
		{36B94A67-2967-43E6-B9D4-995A19DFCEAA}.Debug|Win32.Build.0 = Debug|Win32
		{36B94A67-2967-43E6-B9D4-995A19DFCEAA}.Release|Win32.ActiveCfg = Release|Win32
		{36B94A67-2967-43E6-B9D4-995A19DFCEAA}.Release|Win32.Build.0 = Release|Win32
		{36B94A67-2967-43E6-B9D4-995A19DFCEAA}.MinSizeRel|Win32.ActiveCfg = MinSizeRel|Win32
		{36B94A67-2967-43E6-B9D4-995A19DFCEAA}.MinSizeRel|Win32.Build.0 = MinSizeRel|Win32
		{36B94A67-2967-43E6-B9D4-995A19DFCEAA}.RelWithDebInfo|Win32.ActiveCfg = RelWithDebInfo|Win32
		{36B94A67-2967-43E6-B9D4-995A19DFCEAA}.RelWithDebInfo|Win32.Build.0 = RelWithDebInfo|Win32
		{AF2560DD-0148-46DE-ABCB-10530630BD1F}.Debug|Win32.ActiveCfg = Debug|Win32
		{AF2560DD-0148-46DE-ABCB-10530630BD1F}.Debug|Win32.Build.0 = Debug|Win32
		{AF2560DD-0148-46DE-ABCB-10530630BD1F}.Release|Win32.ActiveCfg = Release|Win32
		{AF2560DD-0148-46DE-ABCB-10530630BD1F}.Release|Win32.Build.0 = Release|Win32
		{AF2560DD-0148-46DE-ABCB-10530630BD1F}.MinSizeRel|Win32.ActiveCfg = MinSizeRel|Win32
		{AF2560DD-0148-46DE-ABCB-10530630BD1F}.MinSizeRel|Win32.Build.0 = MinSizeRel|Win32
		{AF2560DD-0148-46DE-ABCB-10530630BD1F}.RelWithDebInfo|Win32.ActiveCfg = RelWithDebInfo|Win32
		{AF2560DD-0148-46DE-ABCB-10530630BD1F}.RelWithDebInfo|Win32.Build.0 = RelWithDebInfo|Win32
		{FEABD79E-6B8C-40DB-B120-66A87BC1996E}.Debug|Win32.ActiveCfg = Debug|Win32
		{FEABD79E-6B8C-40DB-B120-66A87BC1996E}.Debug|Win32.Build.0 = Debug|Win32
		{FEABD79E-6B8C-40DB-B120-66A87BC1996E}.Release|Win32.ActiveCfg = Release|Win32
		{FEABD79E-6B8C-40DB-B120-66A87BC1996E}.Release|Win32.Build.0 = Release|Win32
		{FEABD79E-6B8C-40DB-B120-66A87BC1996E}.MinSizeRel|Win32.ActiveCfg = MinSizeRel|Win32
		{FEABD79E-6B8C-40DB-B120-66A87BC1996E}.MinSizeRel|Win32.Build.0 = MinSizeRel|Win32
		{FEABD79E-6B8C-40DB-B120-66A87BC1996E}.RelWithDebInfo|Win32.ActiveCfg = RelWithDebInfo|Win32
		{FEABD79E-6B8C-40DB-B120-66A87BC1996E}.RelWithDebInfo|Win32.Build.0 = RelWithDebInfo|Win32
		{B2BAEC50-2CF4-4085-9DE5-20B454DD828E}.Debug|Win32.ActiveCfg = Debug|Win32
		{B2BAEC50-2CF4-4085-9DE5-20B454DD828E}.Debug|Win32.Build.0 = Debug|Win32
		{B2BAEC50-2CF4-4085-9DE5-20B454DD828E}.Release|Win32.ActiveCfg = Release|Win32
		{B2BAEC50-2CF4-4085-9DE5-20B454DD828E}.Release|Win32.Build.0 = Release|Win32
		{B2BAEC50-2CF4-4085-9DE5-20B454DD828E}.MinSizeRel|Win32.ActiveCfg = MinSizeRel|Win32
		{B2BAEC50-2CF4-4085-9DE5-20B454DD828E}.MinSizeRel|Win32.Build.0 = MinSizeRel|Win32
		{B2BAEC50-2CF4-4085-9DE5-20B454DD828E}.RelWithDebInfo|Win32.ActiveCfg = RelWithDebInfo|Win32
		{B2BAEC50-2CF4-4085-9DE5-20B454DD828E}.RelWithDebInfo|Win32.Build.0 = RelWithDebInfo|Win32
		{5D51B083-983B-4D80-8580-EFBFF2D49CA6}.Debug|Win32.ActiveCfg = Debug|Win32
		{5D51B083-983B-4D80-8580-EFBFF2D49CA6}.Debug|Win32.Build.0 = Debug|Win32
		{5D51B083-983B-4D80-8580-EFBFF2D49CA6}.Release|Win32.ActiveCfg = Release|Win32
		{5D51B083-983B-4D80-8580-EFBFF2D49CA6}.Release|Win32.Build.0 = Release|Win32
		{5D51B083-983B-4D80-8580-EFBFF2D49CA6}.MinSizeRel|Win32.ActiveCfg = MinSizeRel|Win32
		{5D51B083-983B-4D80-8580-EFBFF2D49CA6}.MinSizeRel|Win32.Build.0 = MinSizeRel|Win32
		{5D51B083-983B-4D80-8580-EFBFF2D49CA6}.RelWithDebInfo|Win32.ActiveCfg = RelWithDebInfo|Win32
		{5D51B083-983B-4D80-8580-EFBFF2D49CA6}.RelWithDebInfo|Win32.Build.0 = RelWithDebInfo|Win32
		{5D2585B4-0619-4181-9F9A-3A86941E4508}.Debug|Win32.ActiveCfg = Debug|Win32
		{5D2585B4-0619-4181-9F9A-3A86941E4508}.Debug|Win32.Build.0 = Debug|Win32
		{5D2585B4-0619-4181-9F9A-3A86941E4508}.Release|Win32.ActiveCfg = Release|Win32
		{5D2585B4-0619-4181-9F9A-3A86941E4508}.Release|Win32.Build.0 = Release|Win32
		{5D2585B4-0619-4181-9F9A-3A86941E4508}.MinSizeRel|Win32.ActiveCfg = MinSizeRel|Win32
		{5D2585B4-0619-4181-9F9A-3A86941E4508}.MinSizeRel|Win32.Build.0 = MinSizeRel|Win32
		{5D2585B4-0619-4181-9F9A-3A86941E4508}.RelWithDebInfo|Win32.ActiveCfg = RelWithDebInfo|Win32
		{5D2585B4-0619-4181-9F9A-3A86941E4508}.RelWithDebInfo|Win32.Build.0 = RelWithDebInfo|Win32
		{F1793F1F-6463-4B02-8F1A-08C6AB19140B}.Debug|Win32.ActiveCfg = Debug|Win32
		{F1793F1F-6463-4B02-8F1A-08C6AB19140B}.Debug|Win32.Build.0 = Debug|Win32
		{F1793F1F-6463-4B02-8F1A-08C6AB19140B}.Release|Win32.ActiveCfg = Release|Win32
		{F1793F1F-6463-4B02-8F1A-08C6AB19140B}.Release|Win32.Build.0 = Release|Win32
		{F1793F1F-6463-4B02-8F1A-08C6AB19140B}.MinSizeRel|Win32.ActiveCfg = MinSizeRel|Win32
		{F1793F1F-6463-4B02-8F1A-08C6AB19140B}.MinSizeRel|Win32.Build.0 = MinSizeRel|Win32
		{F1793F1F-6463-4B02-8F1A-08C6AB19140B}.RelWithDebInfo|Win32.ActiveCfg = RelWithDebInfo|Win32
		{F1793F1F-6463-4B02-8F1A-08C6AB19140B}.RelWithDebInfo|Win32.Build.0 = RelWithDebInfo|Win32
		{1A241EC1-F1C2-4899-895A-02C92D3828E8}.Debug|Win32.ActiveCfg = Debug|Win32
		{1A241EC1-F1C2-4899-895A-02C92D3828E8}.Debug|Win32.Build.0 = Debug|Win32
		{1A241EC1-F1C2-4899-895A-02C92D3828E8}.Release|Win32.ActiveCfg = Release|Win32
		{1A241EC1-F1C2-4899-895A-02C92D3828E8}.Release|Win32.Build.0 = Release|Win32
		{1A241EC1-F1C2-4899-895A-02C92D3828E8}.MinSizeRel|Win32.ActiveCfg = MinSizeRel|Win32
		{1A241EC1-F1C2-4899-895A-02C92D3828E8}.MinSizeRel|Win32.Build.0 = MinSizeRel|Win32
		{1A241EC1-F1C2-4899-895A-02C92D3828E8}.RelWithDebInfo|Win32.ActiveCfg = RelWithDebInfo|Win32
		{1A241EC1-F1C2-4899-895A-02C92D3828E8}.RelWithDebInfo|Win32.Build.0 = RelWithDebInfo|Win32
		{6BAC3DB5-ED44-47A3-94FE-E7F5F53C3C3E}.Debug|Win32.ActiveCfg = Debug|Win32
		{6BAC3DB5-ED44-47A3-94FE-E7F5F53C3C3E}.Debug|Win32.Build.0 = Debug|Win32
		{6BAC3DB5-ED44-47A3-94FE-E7F5F53C3C3E}.Release|Win32.ActiveCfg = Release|Win32
		{6BAC3DB5-ED44-47A3-94FE-E7F5F53C3C3E}.Release|Win32.Build.0 = Release|Win32
		{6BAC3DB5-ED44-47A3-94FE-E7F5F53C3C3E}.MinSizeRel|Win32.ActiveCfg = MinSizeRel|Win32
		{6BAC3DB5-ED44-47A3-94FE-E7F5F53C3C3E}.MinSizeRel|Win32.Build.0 = MinSizeRel|Win32
		{6BAC3DB5-ED44-47A3-94FE-E7F5F53C3C3E}.RelWithDebInfo|Win32.ActiveCfg = RelWithDebInfo|Win32
		{6BAC3DB5-ED44-47A3-94FE-E7F5F53C3C3E}.RelWithDebInfo|Win32.Build.0 = RelWithDebInfo|Win32
		{5EA577EF-42C3-49E0-B1A7-A31786DBA182}.Debug|Win32.ActiveCfg = Debug|Win32
		{5EA577EF-42C3-49E0-B1A7-A31786DBA182}.Debug|Win32.Build.0 = Debug|Win32
		{5EA577EF-42C3-49E0-B1A7-A31786DBA182}.Release|Win32.ActiveCfg = Release|Win32
		{5EA577EF-42C3-49E0-B1A7-A31786DBA182}.Release|Win32.Build.0 = Release|Win32
		{5EA577EF-42C3-49E0-B1A7-A31786DBA182}.MinSizeRel|Win32.ActiveCfg = MinSizeRel|Win32
		{5EA577EF-42C3-49E0-B1A7-A31786DBA182}.MinSizeRel|Win32.Build.0 = MinSizeRel|Win32
		{5EA577EF-42C3-49E0-B1A7-A31786DBA182}.RelWithDebInfo|Win32.ActiveCfg = RelWithDebInfo|Win32
		{5EA577EF-42C3-49E0-B1A7-A31786DBA182}.RelWithDebInfo|Win32.Build.0 = RelWithDebInfo|Win32
		{F703E1A5-2FA5-4FD9-B427-354EEC625090}.Debug|Win32.ActiveCfg = Debug|Win32
		{F703E1A5-2FA5-4FD9-B427-354EEC625090}.Debug|Win32.Build.0 = Debug|Win32
		{F703E1A5-2FA5-4FD9-B427-354EEC625090}.Release|Win32.ActiveCfg = Release|Win32
		{F703E1A5-2FA5-4FD9-B427-354EEC625090}.Release|Win32.Build.0 = Release|Win32
		{F703E1A5-2FA5-4FD9-B427-354EEC625090}.MinSizeRel|Win32.ActiveCfg = MinSizeRel|Win32
		{F703E1A5-2FA5-4FD9-B427-354EEC625090}.MinSizeRel|Win32.Build.0 = MinSizeRel|Win32
		{F703E1A5-2FA5-4FD9-B427-354EEC625090}.RelWithDebInfo|Win32.ActiveCfg = RelWithDebInfo|Win32
		{F703E1A5-2FA5-4FD9-B427-354EEC625090}.RelWithDebInfo|Win32.Build.0 = RelWithDebInfo|Win32
		{86865606-958C-4F7A-8EF6-08AB420D57B1}.Debug|Win32.ActiveCfg = Debug|Win32
		{86865606-958C-4F7A-8EF6-08AB420D57B1}.Debug|Win32.Build.0 = Debug|Win32
		{86865606-958C-4F7A-8EF6-08AB420D57B1}.Release|Win32.ActiveCfg = Release|Win32
		{86865606-958C-4F7A-8EF6-08AB420D57B1}.Release|Win32.Build.0 = Release|Win32
		{86865606-958C-4F7A-8EF6-08AB420D57B1}.MinSizeRel|Win32.ActiveCfg = MinSizeRel|Win32
		{86865606-958C-4F7A-8EF6-08AB420D57B1}.MinSizeRel|Win32.Build.0 = MinSizeRel|Win32
		{86865606-958C-4F7A-8EF6-08AB420D57B1}.RelWithDebInfo|Win32.ActiveCfg = RelWithDebInfo|Win32
		{86865606-958C-4F7A-8EF6-08AB420D57B1}.RelWithDebInfo|Win32.Build.0 = RelWithDebInfo|Win32
		{B199555A-146B-40E9-A4F9-79BC207BA476}.Debug|Win32.ActiveCfg = Debug|Win32
		{B199555A-146B-40E9-A4F9-79BC207BA476}.Debug|Win32.Build.0 = Debug|Win32
		{B199555A-146B-40E9-A4F9-79BC207BA476}.Release|Win32.ActiveCfg = Release|Win32
		{B199555A-146B-40E9-A4F9-79BC207BA476}.Release|Win32.Build.0 = Release|Win32
		{B199555A-146B-40E9-A4F9-79BC207BA476}.MinSizeRel|Win32.ActiveCfg = MinSizeRel|Win32
		{B199555A-146B-40E9-A4F9-79BC207BA476}.MinSizeRel|Win32.Build.0 = MinSizeRel|Win32
		{B199555A-146B-40E9-A4F9-79BC207BA476}.RelWithDebInfo|Win32.ActiveCfg = RelWithDebInfo|Win32
		{B199555A-146B-40E9-A4F9-79BC207BA476}.RelWithDebInfo|Win32.Build.0 = RelWithDebInfo|Win32
		{AF9F75FB-EDE9-488C-8B28-5031E563AC6C}.Debug|Win32.ActiveCfg = Debug|Win32
		{AF9F75FB-EDE9-488C-8B28-5031E563AC6C}.Debug|Win32.Build.0 = Debug|Win32
		{AF9F75FB-EDE9-488C-8B28-5031E563AC6C}.Release|Win32.ActiveCfg = Release|Win32
		{AF9F75FB-EDE9-488C-8B28-5031E563AC6C}.Release|Win32.Build.0 = Release|Win32
		{AF9F75FB-EDE9-488C-8B28-5031E563AC6C}.MinSizeRel|Win32.ActiveCfg = MinSizeRel|Win32
		{AF9F75FB-EDE9-488C-8B28-5031E563AC6C}.MinSizeRel|Win32.Build.0 = MinSizeRel|Win32
		{AF9F75FB-EDE9-488C-8B28-5031E563AC6C}.RelWithDebInfo|Win32.ActiveCfg = RelWithDebInfo|Win32
		{AF9F75FB-EDE9-488C-8B28-5031E563AC6C}.RelWithDebInfo|Win32.Build.0 = RelWithDebInfo|Win32
		{D014C179-2127-4B61-87B7-BA791CC56AB1}.Debug|Win32.ActiveCfg = Debug|Win32
		{D014C179-2127-4B61-87B7-BA791CC56AB1}.Debug|Win32.Build.0 = Debug|Win32
		{D014C179-2127-4B61-87B7-BA791CC56AB1}.Release|Win32.ActiveCfg = Release|Win32
		{D014C179-2127-4B61-87B7-BA791CC56AB1}.Release|Win32.Build.0 = Release|Win32
		{D014C179-2127-4B61-87B7-BA791CC56AB1}.MinSizeRel|Win32.ActiveCfg = MinSizeRel|Win32
		{D014C179-2127-4B61-87B7-BA791CC56AB1}.MinSizeRel|Win32.Build.0 = MinSizeRel|Win32
		{D014C179-2127-4B61-87B7-BA791CC56AB1}.RelWithDebInfo|Win32.ActiveCfg = RelWithDebInfo|Win32
		{D014C179-2127-4B61-87B7-BA791CC56AB1}.RelWithDebInfo|Win32.Build.0 = RelWithDebInfo|Win32
		{68F17AB3-3CCF-437C-9E87-7DA437984A6E}.Debug|Win32.ActiveCfg = Debug|Win32
		{68F17AB3-3CCF-437C-9E87-7DA437984A6E}.Debug|Win32.Build.0 = Debug|Win32
		{68F17AB3-3CCF-437C-9E87-7DA437984A6E}.Release|Win32.ActiveCfg = Release|Win32
		{68F17AB3-3CCF-437C-9E87-7DA437984A6E}.Release|Win32.Build.0 = Release|Win32
		{68F17AB3-3CCF-437C-9E87-7DA437984A6E}.MinSizeRel|Win32.ActiveCfg = MinSizeRel|Win32
		{68F17AB3-3CCF-437C-9E87-7DA437984A6E}.MinSizeRel|Win32.Build.0 = MinSizeRel|Win32
		{68F17AB3-3CCF-437C-9E87-7DA437984A6E}.RelWithDebInfo|Win32.ActiveCfg = RelWithDebInfo|Win32
		{68F17AB3-3CCF-437C-9E87-7DA437984A6E}.RelWithDebInfo|Win32.Build.0 = RelWithDebInfo|Win32
		{142996B5-6BBA-40A4-A425-176DF8D29490}.Debug|Win32.ActiveCfg = Debug|Win32
		{142996B5-6BBA-40A4-A425-176DF8D29490}.Debug|Win32.Build.0 = Debug|Win32
		{142996B5-6BBA-40A4-A425-176DF8D29490}.Release|Win32.ActiveCfg = Release|Win32
		{142996B5-6BBA-40A4-A425-176DF8D29490}.Release|Win32.Build.0 = Release|Win32
		{142996B5-6BBA-40A4-A425-176DF8D29490}.MinSizeRel|Win32.ActiveCfg = MinSizeRel|Win32
		{142996B5-6BBA-40A4-A425-176DF8D29490}.MinSizeRel|Win32.Build.0 = MinSizeRel|Win32
		{142996B5-6BBA-40A4-A425-176DF8D29490}.RelWithDebInfo|Win32.ActiveCfg = RelWithDebInfo|Win32
		{142996B5-6BBA-40A4-A425-176DF8D29490}.RelWithDebInfo|Win32.Build.0 = RelWithDebInfo|Win32
		{EF9CF9BD-EF39-45A8-B05D-34D266E09FC8}.Debug|Win32.ActiveCfg = Debug|Win32
		{EF9CF9BD-EF39-45A8-B05D-34D266E09FC8}.Debug|Win32.Build.0 = Debug|Win32
		{EF9CF9BD-EF39-45A8-B05D-34D266E09FC8}.Release|Win32.ActiveCfg = Release|Win32
		{EF9CF9BD-EF39-45A8-B05D-34D266E09FC8}.Release|Win32.Build.0 = Release|Win32
		{EF9CF9BD-EF39-45A8-B05D-34D266E09FC8}.MinSizeRel|Win32.ActiveCfg = MinSizeRel|Win32
		{EF9CF9BD-EF39-45A8-B05D-34D266E09FC8}.MinSizeRel|Win32.Build.0 = MinSizeRel|Win32
		{EF9CF9BD-EF39-45A8-B05D-34D266E09FC8}.RelWithDebInfo|Win32.ActiveCfg = RelWithDebInfo|Win32
		{EF9CF9BD-EF39-45A8-B05D-34D266E09FC8}.RelWithDebInfo|Win32.Build.0 = RelWithDebInfo|Win32
		{750C3B9D-BE7C-463F-84E8-9FB63CD3AA56}.Debug|Win32.ActiveCfg = Debug|Win32
		{750C3B9D-BE7C-463F-84E8-9FB63CD3AA56}.Debug|Win32.Build.0 = Debug|Win32
		{750C3B9D-BE7C-463F-84E8-9FB63CD3AA56}.Release|Win32.ActiveCfg = Release|Win32
		{750C3B9D-BE7C-463F-84E8-9FB63CD3AA56}.Release|Win32.Build.0 = Release|Win32
		{750C3B9D-BE7C-463F-84E8-9FB63CD3AA56}.MinSizeRel|Win32.ActiveCfg = MinSizeRel|Win32
		{750C3B9D-BE7C-463F-84E8-9FB63CD3AA56}.MinSizeRel|Win32.Build.0 = MinSizeRel|Win32
		{750C3B9D-BE7C-463F-84E8-9FB63CD3AA56}.RelWithDebInfo|Win32.ActiveCfg = RelWithDebInfo|Win32
		{750C3B9D-BE7C-463F-84E8-9FB63CD3AA56}.RelWithDebInfo|Win32.Build.0 = RelWithDebInfo|Win32
		{FE981774-4674-4D80-BA8D-95B7536295C7}.Debug|Win32.ActiveCfg = Debug|Win32
		{FE981774-4674-4D80-BA8D-95B7536295C7}.Debug|Win32.Build.0 = Debug|Win32
		{FE981774-4674-4D80-BA8D-95B7536295C7}.Release|Win32.ActiveCfg = Release|Win32
		{FE981774-4674-4D80-BA8D-95B7536295C7}.Release|Win32.Build.0 = Release|Win32
		{FE981774-4674-4D80-BA8D-95B7536295C7}.MinSizeRel|Win32.ActiveCfg = MinSizeRel|Win32
		{FE981774-4674-4D80-BA8D-95B7536295C7}.MinSizeRel|Win32.Build.0 = MinSizeRel|Win32
		{FE981774-4674-4D80-BA8D-95B7536295C7}.RelWithDebInfo|Win32.ActiveCfg = RelWithDebInfo|Win32
		{FE981774-4674-4D80-BA8D-95B7536295C7}.RelWithDebInfo|Win32.Build.0 = RelWithDebInfo|Win32
		{65F66EA4-4B48-45D7-95A6-B4D1DF68C83B}.Debug|Win32.ActiveCfg = Debug|Win32
		{65F66EA4-4B48-45D7-95A6-B4D1DF68C83B}.Debug|Win32.Build.0 = Debug|Win32
		{65F66EA4-4B48-45D7-95A6-B4D1DF68C83B}.Release|Win32.ActiveCfg = Release|Win32
		{65F66EA4-4B48-45D7-95A6-B4D1DF68C83B}.Release|Win32.Build.0 = Release|Win32
		{65F66EA4-4B48-45D7-95A6-B4D1DF68C83B}.MinSizeRel|Win32.ActiveCfg = MinSizeRel|Win32
		{65F66EA4-4B48-45D7-95A6-B4D1DF68C83B}.MinSizeRel|Win32.Build.0 = MinSizeRel|Win32
		{65F66EA4-4B48-45D7-95A6-B4D1DF68C83B}.RelWithDebInfo|Win32.ActiveCfg = RelWithDebInfo|Win32
		{65F66EA4-4B48-45D7-95A6-B4D1DF68C83B}.RelWithDebInfo|Win32.Build.0 = RelWithDebInfo|Win32
		{078580D3-9DA2-4A0A-A9E6-467F32D816D5}.Debug|Win32.ActiveCfg = Debug|Win32
		{078580D3-9DA2-4A0A-A9E6-467F32D816D5}.Debug|Win32.Build.0 = Debug|Win32
		{078580D3-9DA2-4A0A-A9E6-467F32D816D5}.Release|Win32.ActiveCfg = Release|Win32
		{078580D3-9DA2-4A0A-A9E6-467F32D816D5}.Release|Win32.Build.0 = Release|Win32
		{078580D3-9DA2-4A0A-A9E6-467F32D816D5}.MinSizeRel|Win32.ActiveCfg = MinSizeRel|Win32
		{078580D3-9DA2-4A0A-A9E6-467F32D816D5}.MinSizeRel|Win32.Build.0 = MinSizeRel|Win32
		{078580D3-9DA2-4A0A-A9E6-467F32D816D5}.RelWithDebInfo|Win32.ActiveCfg = RelWithDebInfo|Win32
		{078580D3-9DA2-4A0A-A9E6-467F32D816D5}.RelWithDebInfo|Win32.Build.0 = RelWithDebInfo|Win32
		{5025C591-6770-4D3A-B8E3-78A0D1B775C1}.Debug|Win32.ActiveCfg = Debug|Win32
		{5025C591-6770-4D3A-B8E3-78A0D1B775C1}.Debug|Win32.Build.0 = Debug|Win32
		{5025C591-6770-4D3A-B8E3-78A0D1B775C1}.Release|Win32.ActiveCfg = Release|Win32
		{5025C591-6770-4D3A-B8E3-78A0D1B775C1}.Release|Win32.Build.0 = Release|Win32
		{5025C591-6770-4D3A-B8E3-78A0D1B775C1}.MinSizeRel|Win32.ActiveCfg = MinSizeRel|Win32
		{5025C591-6770-4D3A-B8E3-78A0D1B775C1}.MinSizeRel|Win32.Build.0 = MinSizeRel|Win32
		{5025C591-6770-4D3A-B8E3-78A0D1B775C1}.RelWithDebInfo|Win32.ActiveCfg = RelWithDebInfo|Win32
		{5025C591-6770-4D3A-B8E3-78A0D1B775C1}.RelWithDebInfo|Win32.Build.0 = RelWithDebInfo|Win32
		{5CA9C336-AF67-45C1-BB81-ADD360D382A4}.Debug|Win32.ActiveCfg = Debug|Win32
		{5CA9C336-AF67-45C1-BB81-ADD360D382A4}.Debug|Win32.Build.0 = Debug|Win32
		{5CA9C336-AF67-45C1-BB81-ADD360D382A4}.Release|Win32.ActiveCfg = Release|Win32
		{5CA9C336-AF67-45C1-BB81-ADD360D382A4}.Release|Win32.Build.0 = Release|Win32
		{5CA9C336-AF67-45C1-BB81-ADD360D382A4}.MinSizeRel|Win32.ActiveCfg = MinSizeRel|Win32
		{5CA9C336-AF67-45C1-BB81-ADD360D382A4}.MinSizeRel|Win32.Build.0 = MinSizeRel|Win32
		{5CA9C336-AF67-45C1-BB81-ADD360D382A4}.RelWithDebInfo|Win32.ActiveCfg = RelWithDebInfo|Win32
		{5CA9C336-AF67-45C1-BB81-ADD360D382A4}.RelWithDebInfo|Win32.Build.0 = RelWithDebInfo|Win32
		{C859DCF2-542F-43D0-8B68-1EA1B84FEC60}.Debug|Win32.ActiveCfg = Debug|Win32
		{C859DCF2-542F-43D0-8B68-1EA1B84FEC60}.Debug|Win32.Build.0 = Debug|Win32
		{C859DCF2-542F-43D0-8B68-1EA1B84FEC60}.Release|Win32.ActiveCfg = Release|Win32
		{C859DCF2-542F-43D0-8B68-1EA1B84FEC60}.Release|Win32.Build.0 = Release|Win32
		{C859DCF2-542F-43D0-8B68-1EA1B84FEC60}.MinSizeRel|Win32.ActiveCfg = MinSizeRel|Win32
		{C859DCF2-542F-43D0-8B68-1EA1B84FEC60}.MinSizeRel|Win32.Build.0 = MinSizeRel|Win32
		{C859DCF2-542F-43D0-8B68-1EA1B84FEC60}.RelWithDebInfo|Win32.ActiveCfg = RelWithDebInfo|Win32
		{C859DCF2-542F-43D0-8B68-1EA1B84FEC60}.RelWithDebInfo|Win32.Build.0 = RelWithDebInfo|Win32
		{49081B43-D984-43AF-AAE6-DC6A27C54B75}.Debug|Win32.ActiveCfg = Debug|Win32
		{49081B43-D984-43AF-AAE6-DC6A27C54B75}.Debug|Win32.Build.0 = Debug|Win32
		{49081B43-D984-43AF-AAE6-DC6A27C54B75}.Release|Win32.ActiveCfg = Release|Win32
		{49081B43-D984-43AF-AAE6-DC6A27C54B75}.Release|Win32.Build.0 = Release|Win32
		{49081B43-D984-43AF-AAE6-DC6A27C54B75}.MinSizeRel|Win32.ActiveCfg = MinSizeRel|Win32
		{49081B43-D984-43AF-AAE6-DC6A27C54B75}.MinSizeRel|Win32.Build.0 = MinSizeRel|Win32
		{49081B43-D984-43AF-AAE6-DC6A27C54B75}.RelWithDebInfo|Win32.ActiveCfg = RelWithDebInfo|Win32
		{49081B43-D984-43AF-AAE6-DC6A27C54B75}.RelWithDebInfo|Win32.Build.0 = RelWithDebInfo|Win32
		{5E38D979-ADF8-4D9D-9A06-0B6C6282B205}.Debug|Win32.ActiveCfg = Debug|Win32
		{5E38D979-ADF8-4D9D-9A06-0B6C6282B205}.Debug|Win32.Build.0 = Debug|Win32
		{5E38D979-ADF8-4D9D-9A06-0B6C6282B205}.Release|Win32.ActiveCfg = Release|Win32
		{5E38D979-ADF8-4D9D-9A06-0B6C6282B205}.Release|Win32.Build.0 = Release|Win32
		{5E38D979-ADF8-4D9D-9A06-0B6C6282B205}.MinSizeRel|Win32.ActiveCfg = MinSizeRel|Win32
		{5E38D979-ADF8-4D9D-9A06-0B6C6282B205}.MinSizeRel|Win32.Build.0 = MinSizeRel|Win32
		{5E38D979-ADF8-4D9D-9A06-0B6C6282B205}.RelWithDebInfo|Win32.ActiveCfg = RelWithDebInfo|Win32
		{5E38D979-ADF8-4D9D-9A06-0B6C6282B205}.RelWithDebInfo|Win32.Build.0 = RelWithDebInfo|Win32
	EndGlobalSection
	GlobalSection(ExtensibilityGlobals) = postSolution
	EndGlobalSection
	GlobalSection(ExtensibilityAddIns) = postSolution
	EndGlobalSection
EndGlobal
